!odMbo!
Kq3sCKM6RbjQej6i24vH3G40000000003rJGAj91bfgpWTQ6AAFYdKRWwt9xi18xtRYiptTI7d0h
Jn4vMn/KW9365Mr/9BrNwltFZMRCKOjmjjxHQEea1jQ93Se21ALD1r1iDT07IdLb65MAoXlhzIqj
xkc7z77/VVXBgLpxKHO88H3pDvQxRod2ON2KDwC8R3s6DnBnlDBEu1Ksj7vb+TxZPCW68FxN+M1n
XgLwaFjvGipnk5qP++lu/hYSVY2lOh8u0zqhZA4W9haRaNevPlg9zANb9wNJl+iWyrInJNDqK4HQ
b2+T/REbm3fmNVD9JqXeImAY/wYrPzmjGNqzc5+fYtu2THvlk5mWNd6s150gnKrInmyI2LvnV92e
Oz9nMLLbBG02+6qLJKaM6zLnoHy1hai5u93emkvjaiN1gZ9rhuXSJGT4R6lBRYLNXMwdktzIlfkW
3KVxwOMjgCFZl0JGQYCCCo8QVd1P192EaDw4qwiBzhCUTDljR5zZSgjXlXvetQfynRl0IrOEvUnw
nVu4hmMhS2ox8aS63PpHmmQ0rZ3HrcuDFnhutATtHG1gVcvSpo42fE2s3e7Peh4SxWU8QJPc16t4
mZtVpq5GPyRhgjMZ+tMuR1RwPGRCSkRrMtjJq5UksMJ1XE0t9DbNSMK+HbJs9FAD+jtuYPUgmqFv
/WIL7pJkNvG1yKlut+oWIWLQkZJXisFQsWVH6Jzg0VB7N1wLeDkdx2HrqRk1skHUc1sJiYDJOuRC
6pnNYP5kiF1W36DETyMLZD8d5ZD/8eldfmv9Clet0lCQwNMTrzvhJY6nNjqD6jfgWYJDidR/2PjJ
mwi8jz1tFMPyUCiXWPU78R2jIdJM09ObXAreeXZ5xqv5po3MOXnbu7S6JxVOenchXpt9qi9jwWul
pS622yl3oKavfq6QK/tXM/WK/n6ucB1pjgwUdhmsfYf/ioIbup695BuYagpmAF0WDrO/j6f6oPj6
dgZHbEPTZpAQKSftMFBiJBXFaFRAKjJgA+d0PaE9f1+oiCnM4RURnhddCwIfdDpFSDON4NphTOvl
7x7OOymPz3gMyKAF2YtzFMROsVTBv9zp/mybBO1oeJNkxHpbCFT6ZHk7nKu0Oylwxg/xA5N5J7mT
MKkar5EWkN23bBXKrv7O9ZTp3HlsSaBBzClHmskEAR4F//ERbQxutBnpfLpNI8tyiocd1dC2dKPm
9rrGd0F6w7tfpUX4y6YrfWKrLlkbcO85OO/NIr3ckHnEu3whCTBFMwlw/NuJXJzyS6FOioVJpbXy
WbcH0MXnLh4ioa194lNoPNxBSFt26KYVpMmAVxDFo17CQHK09W7sjWzB+U8ZjKf7oApMOYP5gZNO
LeVrg1QgnudsP8/dQOLFqPKZjoPeTyfr8OVkfa7an0YuKVz/A09A7wb6en58LyFRhW+yJGe07ZRl
lv69haHp2ROo0kJvvedy4D7xfNqVonDay8idow8DU9amJMoGC3nzz9E4dfWDQf1bdnD1p2r6r2pJ
vWs56iRaaomdsaB2SG28HuLA8ABCmDwls8VEqsHtzF6zmHCyfmasCCPChGLbasPwqrWQ2bhERoB4
qCYyJRvk4IeAROoGMsnTaisec1WaKOcN6LXiU9UeiXDOn+dl8uv3d0WhmJqC9R656NCUjo6CB0o+
SPfYKmR1sY56heRSw8QYBrVkZjcWw3ZeniPIq0LtbHERAucHeYlHdGxgJjyyI7F5/6XoSPD6M7S/
mn5ftNwuvsdiDwFagSlz31LLwi5VS965kncVQUhV1uqdNbZjdgjzvl9fo+s/7CbHxkAs2XGW88oQ
xSsBAsssetiDyea5F++oH7ig7E2JONv8b0F5zelU2Ao9AxMq4BN+ug8E426G7wXgUvms9wwiTZ2l
Xyo5oC1fBmz+TtKhFbG7mjacPolQECilLOi1TT9SsV6Ic/sRZ7G+3XM1n26hpZfRheYIH8ixehRT
74YqaiHedzHPYN0J9qmaNYOrBcCC/TND1ex2UVRMDx361mVix20ZkN/ZS/iZzqjVLtPS+VvRJ2rI
CT976zxLOUbWb9Y+xgdCYiouLuagfj0efIoP2n5OCa0sds74JIoMwRgbSKaEvNpoRLqAVepYaag7
QceUg3XC3oWP1WpekidvSCFbAdaMh+KYPT6kJ5C4SGaEp3Vu6RyQcZv+LYDO4czmcjVQSgBaBz/B
tGqLvfG9LeuTT211t5ICREMmYnpUVohcJrosKYsOE9xNlLuL6XuBAVh2RHATFWXR4gYPC6srY2rx
CGiw7oHch87+XkkmMnF1x14dFo+HDeY23hkNcu6UQLRwkgN1E17nrGx++OpTKHaW6rKyZur1Eigw
9XFxkyqERIyy016Xim8SIC3/jN6NaaKYNVXnkIITW+fAP2i0XMRVSYG0rXvxDBhhPZPSVOH7aYQ+
0Q489un3fvkwkpE/YXM6rhVn0CFAY8aC+W+pD+shNZhnVUiE5woKnDFoqNaxtPuLEysUzFVk94qV
zPweknZ2lWCu9b07v37Czoq2Ay00HUSV80nw2cjO3j/4kREJF+rs0MsXOmODyy0bwAYDcjkl+Cmg
iSuGgE4FSI4IOB7J+71rT7DLZGyPf8by1qTiZ56HBMKKyxDoV2kN49EGoqaLPLq6Zga9ySCNpDFR
V7Tce/H06o54g4MrVp7WkxC3ieIUGVOqIDXkNaknsjXQ6dDuN0ux65V3hY0QfckV6z86gWZnBp68
7RolqFiYlrwPSvzr+4gFzmuKMCN6soEa5Df24Zgkxn0qfb0Jd/EMP1G6dl5wHYyAPUBKPGAbNjNx
Px2wliGou6ELdyLbjXSRxuTSPUMZPX+ywMVe4CyvRf/UwHmmPPwSNvLCI71OzWS9KUoyfPdpuC4q
yWrv8KVza9pwHPz1mREPK3XFt+hx8hDQIMOgAQ8Pah6MrVlFHqgf7OYX3f8Y5bAPCDPrYe2HRXGV
v1XeW3vbRZZveLERmKOhUXBOP0q8cu70AHlJeDG5gu6NGari+pFFzEExqiE6IXtL/3xLn9X4/9Hz
bQ1TNxt/U7yDtqqY8zx2fTsoLlRBKtapBFprpkWECu/7GQpxP9H+NejLA9xWFsAHXhmhsyJyBwE7
h33IFiJB2djKrHZRd5moAC7HECJe10gey+AGMTe9rfcYHrP5Sv+q8M3Fpi5LMfKSmk/DKQWvcq2s
K7hJN9qH9zNGbwiQ76psU5AesxXLqfaB9CS+ALfs4tZuVj1NNnvTfbv8AwnZ2DrOR96PYZzpzYN2
QH69FZy/Bub0826wS2paGMeU5pMESSpLU9n+/CdiVDuM282lVGiB+y0fAOBqOhtRcnRYBoEtOET4
+EMfL5GjmYvjpqd5coAAyOiNq24I/0fhxzmpI/hrXUqST86tsDLbrqxmjskVQQBNZrVP8edR19ik
oYZF+vhxIgB1athgAQOZ8PUR1ht2QrsKnqC6aQ/AmLTur9c5j103Uwwfbjt3J7arS9h9aWd8yY60
1F2AqwRgWsveeUt5eRT39FSsZMtPYm9B8I8JY5Zgk5rUGLbhJiVOXMEV/RSCx4xI+yNuFGyRczBL
W6zMWotFkdHW0fAviz2BfUgJJ4rP1rDeMP7fQ+dXHU5A1ochcITQEI/QbGgeYcbLpRA8TxS+lCYL
TRs69GaMEhF0NUZODtACF+yHCijKKSTmI+MNthX7fH0cEjdnvuwY4R1bdIetKcJrKNcF63+lcm6X
fBarFl18xbcYhXcG7hMenQxf7C9m/blRKHXwj99WIKTeiSZuvQ2Ozcqp/at9ihiAA6PkHIgGzgBG
J1+5hkkZEAOEzOzkWDzo9jikCmJavkfGif1KDQFBVJIR5/o5IxzJK+jj+4lq8CFwdigCAvYz8oCA
RL2+/feobg833XsVCeybdizizLzANx6jKaImUh8G/MmYR5nMSMxz0mg+9ZrmG+uvATEcm0F36q+2
BQzW4AWzOd2lQISMHEFZrjNKNf6xOMGavRj7Jci04IMgKJSO4Fd/PqDObjpl/lhLs66fUFXh70eO
taW8lBV/6Wl+3O9Yo8XOSxLZrN2S915dFnHyk53XGfex5QFIuggZ/O4/ofYdTPgm92SMOly6FXG3
TcW63lNEcxBwzqIcisoQdm01DVFV8e3KsYZdl00WLBWqCzYvqdO2Gz7eKEvTqOAPhZgXKpY9YzKc
1zJcqmJsOlEbEEXZ0POne1CNM8s/wCMmvFuWrIHTICtqMdMloXZfN5L6Dlx1LKivn9XoGggE3yNo
gBGLwWsCUtt8kd9QPcMAULY3WDJecTHCvxaNvFW1er5/p1lzlKBUZe6guIpj68cqEtSBeAk/Mkq1
dWAq/sa+12gBR8dAenUrMtcVs9KLXrwl9jb+cz3Uff4TlUMC6tgVAPT287H34IMaIF9lqHEXORfU
MldwNbpdCFqvM7iIodKFHLXYj2yT/mA7pwAPNrhfSNb9r+MXS/R4Isp7OSTXXy2IaDJQIdYhUbQf
secsP8WOPPxUZpO9qNErCwFQ+It3CF4PjQ+HWIeL5lDjtTmDrEACEaF66gNufhT7qdtVfpNgrI9E
QUF2+K00A3zpS3XyLCQ/rUogkps4Fme3mT8CvsiF2rCKRNJ7ne3p/eMJOk+W73lcy2L/MPi3qn/n
pDEVOiWh9wdo+v+bakbdWLJhVE91Tql9Z1D2hkR26GA4VTdjh+2Hrs1eoDcYlLT17O7etqSmNbE/
Zgpx23KJ1qxXhcfi1VjU0FduIJKgqgnn5oBm4rL03brFyKzQwa+yizpjmRKcIMH7SnePoKhss/+F
CLR10tvmT6gXYT9cj0dD9qcLLWT/V5xw9B3/EfyFXh4kfPd9G4wnzbApmKd6NElnVP2ChP4yHvRV
7IuUUP0qaRcNjjA3NeOtotqzOCiBoI7qKQAYmYk5kkrCc2PK/HPW21skwuKAl32bM8GXsYAqHK4W
sD5C1leHvcF4jfx6d1XwpyYNPHwhf2flHViO9t+IeKGeDu7W2q2KFl1IE6r4FHK0gjGC56YpKkco
bDvoDm7Wae6kM30vpnnYoU5yQdLA8EVIPkMGLY4Soi6fGfZuVHCl0UfOLykTPYaDlYdVXJJpbg+9
KoeJ+abhb2Ndtru0qRz1zd4hlS1XEHnnTqua7tcu+vlGKnHRWU9AqfsAa5Mybj8WVq6g5eZ7CQq7
tcl48LiVlejjupQdeaflhbSQou7xhKNZpbxs9736qc8YodEiI6EcJbTxPFWBVh1S4i0aOEp6AXRH
VorLN9frCYA5AqRtcfKeKaIajoQQNkggsgzjq7nzUyQMqsAVEpgAH5ekeO/GGCXvYHyB3vQicAiI
PyfoHPmyg+EYw9EjI5ADC7npVVEf8HseL3KPuk5UXZv66/VJPtOsJmcZ0n1XFUdwZDJiJ30XN1lt
hv44rHPD1dAOM7+k1HEURI1ajks7bFlBVARVcZaovPzTTZvNNxJ6HvUi7AwouPsUIkDb4Ug8OsbM
uSvc0jskNOqNCEZWbHOoxhhcLWUhDFjL53dEpBtTl2j+9jwdiGnOZCCzjzMJUy07XJKfLG0LQ6Ac
sLX60VLi2izNbHUpnKql8hhtZZX7IGeNa6ZbtUTRLL0lPEmlABjQgsVJmZUFNH4JXaJTshBCBDB3
JHVgfDBFymu5ajFTmg11AJ/DB+dht8GnAVk/YPsPAZG37BCs/VJj5J3aM+tUDsSx582634Rx886H
Ww91g/6v5nkA+3gjVSH+zDSrZVFu/UG+O5xVPV91ZSLBEYqedhK9B7vWxKvCWxZ/M4J/s17Hd/a3
FME2PsMxdN7QlTulHgKXwzUOTbnvWrfdb8mSgsuVAe0FPWyfZDiuin+ovTpqOoK+5oD2rgWRPo46
Hmin1r4+E+xKx8DZDpDFfdMgX7+/IZbF8jTe6AaFeAkaah9wwLbFTJlSMnNhY6p6JeW/CUZrPBM5
b1RILBE1mhyN3RMrZJn8pzmm0udfmiUBKiG3dw2YNs8ldadg0CvxrPRNfzl9VoEjdLXs5BZcY373
Oft8vWQAiuJ1amIynOxBgiOYI2RIV7Im086LC/NcZ0nOPeB4l8m7EmVdnBrOUV5m1bbb/B/9SNfo
rqtklpZQF28IWAHVTF9Hcn5u0vJ3xR4ALLNKMGiI0qK7T+G0HaA2/DSojtuSzwAyV7m9Kl6/UFL5
w05+1agvuqsTkGN9rGY/uChdtUINKRG0wcbeDVV5OwtD0qbqTWsSYfGB5I1+Y5MjamunUKiISuQM
1UF5IixykvbW1LYQChg6oRXwiGp8f1yQqoOWwU4WKnscVcefE+mQXHBux6sI1yK2N72BhP6HFaqX
StMFspVZhxcFdSoGcrm24NXL82lYYacQTKmskYPUN6eOAHLLKtnU0UcjjZ1CKG/+8kA9d5oHug7I
QqAOMcVl/a14hxwUYkoWukSQyYKs1aiFt3ndm4TaKxD13Uqy5wf8NQLVAyv8mnX7yybnVMtUDBhm
MtMbxaMdR5G0VAo2ELj8dkxwS9w+AcZXiJl4EhbLfKn9qHY0taadad4QocHLW+xlbKvm1rROGvWb
qWy/VYnsMEBfv4hL3EleggVHXNLPMdfPOUhVkqIwiRe2EAbE0HgBIaIlQPSmeCmeYunO84fTA2lc
j+kcGP56r+vhqFG+z3LfuQitMAKdeorI6oUfw4qvbs2Y5AQXGvmEY/HsjkGVdHb3619L+J01r84R
gyqqByOSxIqwJ6jCrLWeW7K2AQXzd5bzNr3bMiB/EVchwD+gSROZcDhrIe6YcL6KQW1+vTV8Kot8
YvCpO0fF2eEAS9EOOOdXYMyb/eJGeyKxQ3hKFDguasUFn2/iRV8+IHup2hyhvfDKrYbmuKTwfTTt
MNSwp2rIgM4SGQv6+CUJMoX9wPzwiDZwR2qOu+QJYsP5E95aBof8XVIm6FnE+sUTZsmjrwSzDwhj
7DgFWEEm2VLDql0kwq24aszS2uvNq/t009R3RZU73uQYpmILVOttUoRtihsWnD1cwNtzFOlZVvyx
rP87jlx8qYLZ3O+8IzCbWhjr3TLYKb7ozDQqhUG+jf+hmPRMoSPRWE9vCPTN9GfaGtNIKABMoDGa
0W5ydUwXtJAZzphexK/jf3nXXuecQ0rNUO1txpXTCCN14/3ATllCI4AlZZClZ2NYwkoGeX9dYNHl
MlfErzGCNquSsJnM1YLZiJKxxNpUZBOyzilmJj1kQVM5HCmF5CCE3W5qW+OLmT85/owptgkAP/Hs
+iAYsvcn0dC4pa+VA+cRvOAgqQC0XVFgxi79QqBT3dB/gzCLQuHdKCJ5NcJjbC5TUu66ApE0352O
2qNSKOuCgLVgm8EOksKuKb6L3iVDvM91WKGx5DECHZrIAqcujpIAUPUFN6U8u7DBB/pwpJ4Of4yA
wjQa2YTvS4jgLToMe52EhesWEoTTxqB+0UUowS4ZST7V0KUJPiS0nOhH9gv0HACWDeG0if8Qe/Fn
ZVehBF8KBH9/PJM54kSI3EQXc1Ynoax7dB8oyla/QK6nZSMOK11PN/47LT8LioCsvx0cxpinBjZk
1aPcnT8tGVzBRriZGGhMmyx1+6PVJ1B115zh/2Ag51DeunPAqcFV5MgC1SZGP7V3VKXmdfUGMySy
Y5bkB/37IU6N5o0y38hYwl1ez4bAgkobRNJoAzqjWBXzik18e02KCXwslO0C1Ba+X2rLNmKbn4xV
C/L4c+ezDrASeTHGYpmVG6oP8NLaWY3KbnBzg+UKUlVSy3nh5mkor5axH60E0dkyifHZH02FDoG1
ttdjRwAXVBykM9qi+/5k2Ue22BLcUnLmMCcfp/y0pFqexfMHCD+BhFa97BwVyfDpTHiArwAFcMyV
sQN83ckGoTW2eg6GX4PflGd1rp45oWwCzj+S2RCSfDRq/ic70BteHNc+y9IJbr9ViYAKdK4WcZjc
vt/+ulLmaId5XtwEuqrXU/4UvrhvNLEDu/7oafn0dRdKKwgiM641L4Onar+p9lexaKF7zEGkD7/n
E6HO1dYgloMvUypeFi+t3oylo7B/H3e68oQ91ml/cQaUBxz/Jc+TwAiALh/iK28ecVHunvK8Q4pp
9trPdQbMh9wSlN0wnAnDFUaKqcGG3RZ18RiMaWUSvlQW1rz5cQJxFyU5wf7s5ibJxgfZermcMARL
gTctDByFPkrCeRpdzNqEjeVFql8w8czSJkao3JwhW5Q87Fq4xYf0fXbf615OwMJd6xvy03Pa+J/P
t2FFO3UzFVYCHGqol0vopCU1R6xSphle5AnAYVJPUqvYDAqaXrMn0J6ve7cFgxyBScoNpPeDrt0G
wS9I7sjQknrZKVuuOSdNiGWYEKxusuTloxTJJ6LXay/n2bh9hOujxJb1XvPtGN0axsZEjNgfENo7
4s92oOVDMKXhWLODP4OoFEt0SgSymvpW57om7M6ruZCYw/uPNSEr8CeWm0q0SsIuIRQ0VQ0ZBRVj
CNw6q/awwA9TEFwFmydBxJw2EYHPeO16dSd6u38a6R3A7xMEVQczlBOot4TY/Aw98zmRqPnBhD3b
r+RCSDhWCFA31sdOJz/pusVx5B5spO7m9LmEmwNuKW01OYWuf3hGO7VSrWAYQNp5wpPw6CyDyRLd
oACtP0gam/+xbLwjz84Q4R4N3wwWRZa+QFzLL3a98wSvhcvbA1/hslpHa7lthRMy1VO9y3j46DOH
U0nNXXdx7HHLG7pUu9o6L3eHQY5jIl7fhBVLVtt+9xVfxC9Yhk/tR4tFkUJZlZE1uz8d5yfre+4M
TUj3IdYfEzT1XPxlSU3KTLhuhKLkXhuaAi0xHPTY7cojRnK7o2e6k8PgJ7bGDW2Hfb07oc2XLr1e
WPkcdWS63VHGAnYyk3kLbbLvD7p/OJxUZ8S/QVErRUrAypLD1sXn4v84VzbZbgwIS+RUohGEuzC6
Bi/Uy3EXWSuq/x+XU0PiI8Z523SzFBo39Qg1HYZbnXIB37ZJfGeQrI5gjT5C+wEcnHY5RK62iGaI
gZJoAT9UJ2b8V6xVkAiUOqe6w+zZbQOLcE00EeydwmTHK1+fuXNKoocrIkdVUG6EKnf+vK7Xu0lM
z/ZKzgS4n9aWPB1egGNkVy+e4Ci/GjZH+HM8eAbhdEEs6IvrbMpQOGluGtXjY4bpdHVMjL8d+akz
CpYL5rwzI8vWxxq84yzVsdiH9H5BvJOHpu9PoJQLnQkyTgzuGEAnjGPjDnn8328ILtxvvVuzvKWv
2dYOi6M+0bV/Ny0+aR8aTiduzfrG3KjUv16AzvZru9Pb8sgAdehvBXcuZuHBCLrkubT9riFtcoHA
gRd8EvKVTe07I7kALopXQC77nux6bs5/sJgea2i3ttG5lfugUIjXTFp+NwX1HWxRVOhMIPmDdV99
vm05zVli90QPR8SIN2iZ3fHrwjXkFbDIJH5v/mKEhMCpSHQn/Vxe6mPfEemUbfmyaVf7SX7LTv1+
siMJ3OJu1ckioDI36YLGcdWe1VdynNq9rGxkK7UrYI9QF3+a49FzWqdpwtMj1RnoFG4Hvp3EA2Vj
rX416eat/vWsAsmXz8cNua1398aT8du/3iUf1zGxoF39U8nbq2j3FYdBxbsELOvD7wAJN4E7xtdp
3ivCUrpE7EMxdV9JvsK6egIiFe4dfEVacad1LX6zoMCeYTuJm4JDhh5Ub0/EKthA4pl49MDBg9Yb
K0TH7VDdl4wwkVF3wm0UDIjrZWcfHj+z/7L6j85XpkxN/w9SsTGQuWDGTIjKFsZfA94AJAgko97G
5ZoMy90kjT+Q+/E5nR+wA9YbhW1kzx8u2ybXtqx/ay8pIPI6trTs0rpq0A3/XynWtljEpkJPlO14
HX2MRl8dpvs23gYaEPCsM/fsONOPHrQHxnWJTN/vUdgR2nm+03l6DVEQEOD3g6TfTO+YYzdsRC3h
V5XmMfPiTZC4PCTS56V8nNIdFak0aSA6PUQIa7y+fi8gU7ue7nR8m/wcsoB2iUeSeYt/GHg7dVlz
s4LGx2/1FWu5rXEFzpskEM2StEviiqic6LjiwZKwX7fUyK83vjRADLRK3izp7SA4EYz8xzclwqyy
cHDTEBvjG3vutygGMDEDz/MjGTSfkL7P0Hpvbi3BTrmzDFk+sEaEVPZ66XQZQefHJ+f8NXZJX2Nv
+LjwXhVW7+jdGANoDVv6LHjqG4fbIgCe9rBE6lJ11A3fg9t4YJSF7vU1VXRJU/kMcVDZf15240u/
O5fApdYNBMN9q2rAqEplE/MWxEvcdjZXkUXRJyqBvv0J9CvgpOjCywvw8a86lfjaVgp+Y3idL+0G
ZeEQYGmua1sYGtWix/C+IaaOdxRqqmpP/N7Do4ieqdpK7Z+8tUFipluEbkmFs10NUNiCT2PWSiKd
8QLZjqa27GY/IsbUVxkqF9dJ9QxCcYWxMMPIfX2eSP3y7+NijCeCqSyu1VzSDJX1DVCnCyoODkGo
BVQ7qG/LYGMHXU8tyfJX9WSvWfXft9B+ZAy8ieWtjqgV9rH1l9WvGnOrTFZz1nyMmvk5O2u8ukkt
st/fvV4WdqPR2PcS+Hoj3SSEmOqTLTKxmpbhOO3seX3wRrKRVzfD2ycizizbsR69ZnwEvlV8tY6l
51vaBLVN95uk813v/OYv6H+VtLS1Q34AsrwBDAHJ0RNSKZ3487FcKZPGbjtusJODEZLgUIFf2Vbk
2sxFWl3Qdcos5C9e5D/WMirFOvIkZe7UTdY5d4zy+gCEZS/jd8SJp+NZP5ZQ+7AXT1DR5/Nz0KjJ
bLQcqXbchuaGX0zsdBpmiNSc9x+NxycfZtGa3nkyGpE30tTlHetieuhhYH9og0ByFDYoFVsGzrPX
Y1MyKo4sgJjgO8Yxxz3fsZ4zex4925uP2InUnu4K+hHyMfI4fTADOhmVXHEzi3/k6OC8r37g8Hd/
dh+dvbnHU6Glia6efBhokcjvzTLs6C6srXho6ND9t+kiO4TQU9maFFtkWR09WDpiONJrrI/s4V+6
926bvxfD8/3rC2VsI1iuCm5bS8Br1peQYXAISg+AVHWu+h/j72B8d8xNIBBGkjANwBSI6/8wQqsL
lnf6zDptUeLQsXVFiWkCPkrbEyfDJwMo8LPZnaBrllNyZw4lYyqjFT1hnk0DQVXQ7HgUB1szLIdK
HjrMJ2fUO6fJR9j78POYvx6Ygc5/VjhZIrlLVrLUxu/9n+iWztVs8Q+3sqNESm1H2Lmmn5mc14Ck
+ZTtgYC/cN9FjF+LTwAoDfUEX+ImEfwCtDD6+ZdXNDG7XRfxg+dl6K/3MdPBbqwmS8QzOzQXws8+
nmk6ofaW/v3QYah3uqqUxeZq05ghZ/THwgACGAqyNKBDALXoo1MYdydu4PsxK0ph1kanbz4q2/x3
1cuM1WSOiij/KQxbq1WUBR7EfDqnEUm3mgFnNMOBDDlqL/jeN+PhwVL5JYYrDqyM4B8QVWSCzI8b
+jYen8ed/Sz4TgIxrIkx43aTySgi8bZwrwX6x+qxMP9o6WnbSyQ9OJhMFvV7/qJqmRyEV3sJ+TZT
czhCqtb3gNkBAnNpHQbuXrPtSrPbgNkTKGseqzOn8f4dS8z+m8a6pZ3+qKcvNX6cvLDlEyyrJ0Eg
NIaI2LFhE6GWXAh33aaMqe8Y+Xzvxb/vUNXKSw0V4x7MbZH6vI64phGBjgOwVFBX3VJzqSMdAMYT
m7sDlJ9S+VyzOOGLXWT4DQ9++W1DGg6rizP9IeFpxq6fDZywmRKOTinhXfWeg6TR8STWUAVtDHRd
iPgu8HSjrXZmMAclauGJkf9jC2Mnu8qCicPSzIvqFqIZGe1N5VSzLJgPTwQEeSeGakIadGUOL60Y
X0vyUFx+gmLyZGNjzj+Ah7KQbTRGuwIk/1hUF0WSB0qLh7zWNst0mRV3NC4d0XJjs3LTMurl1PIj
rWV/haEvNtANJFqdYzaGgKS3Yh2J2b1XaiNPsGkLaf71iveNUXgszEloyGEMPDC6CMvMFNCLYa58
af2yEuAXZHY8VVDEq1NtXPQqCE5vlf8K5N85wip+v3qw5Kgd0El3yZ7SKcnxhar25bhTLRUGiEDT
LHWx2qEov/5iB9DG5nJJNI89oxJTxnvm5ge23xQiKGFZWZkcfIzhEyhkSyoj98EqbrwgaI6G3Bs4
604oj++2gMxImygDtu1OGfwm1hHzfClsK62jmVsCx3UeNLbDyGBPvhV5+9D4BsuahnFRahsQb17o
i1HIxJT8VujVZkVoY1efGEelkJGNgDLiNX2ilFEVxXOenw4eERXCwMM8O38dW9XyNmri9a4AnIg0
WMGqLSXxUTTv95W5qMLn7trd86l+8+BTS14PWvUtJerwUl2ytA8SoenEXZv/i+2BC7oKKhDA7ABA
TxUoPyp2EB4jIh+aVPJx6ZhXvNCrWz6CSiWQJy5YkB/eW6byFUvWUvBAkbKeD0OuK/pkulW9oE/a
MWO4Wn0a8m59+SHxDj5vco7jx+czvEYTqINb1VT2xWXu2THVorwQ5DPjejFTZyQ67Pm9O4iMWzhX
q90r9FMCCmpQQ8PhTVX3upcOdszeiZpzFQH8CGwSa0B3eyJWfuXzwwYeLHBv9O8hvwuJP0Kn1nqE
yBHNLRXIInn0z38x72wMsFv42o855Wp753rR72fayV6970yvqFrwh9NhJ6zdqfAWaTGi/OGWoJSm
YZALqdKLVvIleTYSGz5JnV1KFleklmxy25LDF7jWhU66a1m1n7sBOGMDLcYTRrhr4qZy8uBqQZlq
uCjH+p7bDRKbX5g/EOboT6MlGT3I0rFMdivsn8u3P+f6uKah6XLx/DS6XNj42hbUyM9cnkSMHgEM
LpemDpaY/Hhu7z1mzahSrevIAG+dYxOVK3IQtHcgCgE5gV3HQ/106cDytw/w6yuwxX6y/7xho5is
+TR+GEEjZ7qTjmvuZ3j39C+GdigYzXimz+eTEBLr1q9Qmzm/FpUt2GKrHec1it2cJ9afVXyMeV5J
za5ncsTenn0tjNg3Tj5IPDKsSlUvo6f1AwMG/28wOdXKI/q+Pn1teKC/sGgLuukqWAzVSsP093vC
tmAHyj5uM9KLpjh3/3msuQ1p91y2JeDKyDIzw9dGWYRq/mxIr3Hghryo7HBPxIYxf+FMU+Mggqoc
bn7ZQWODxZJZWoQLBdeMht7Nhq2Y4iz0SaOS3m/OmTNzFN21A3tJWZr9LnZ0CyvMOlc2FDe4yN/o
u3mwWqFV5PNhnc19NcyG6EGWnwMBsD4ob36v2ua7EezqU9c8katLXXmg9tqHcL5G5iAwLwNe751U
xRb/GLyQh31TqM+Z0tXwnQ/IWucHyt/l+VjXAFlilVBl17ZohXN79ZP8pisNnu6gK2MTrwNd+9By
tf8QGqunC9n9imenKlSlanSR6rKpQAhuNXhO41DCx3cCgYE0fyGmZF1kuSZURuWEynioO5VwVIot
MAIMKv9jUPzEjwkxEWqs8z+XDOvvPgnv+gBl9+0bBixnQk8luCnYfJVrb/FkeOGxDtS19F3R1b5y
CW1Zi1gGEYV6W0f1tY1Gs9cJLTDQbf5ZMH3PvUKKGlk7hcditO7R28qhpdajMcEhEHwQd+lU+hPD
hpcgbNbqmLZTxOEovrkBhJ6/Ech2EwLaDDYiZZwiXE3xQcKIJPI9F50ckBPx+rGu1RH2RowxGNIx
zV1UbSLMMyRecxE333T0DN1Kob+tWWTLCChZ53uvoLsgBZMrzQanJYCvfUz5ZBp9054raoqNQ6vo
VS0YZKKRcq9DwcfJcdTzjir4tr3pwCT0e6CtUVeEN4kQT2ymuchI2tfYu91syZONgcZbWtfYYIYM
3Hp1RaC21OTomDQ1z7tab+S8H3ydfnrD07kOBEDhd3HRO1SE6dVrLJSv1dG0r0xfAgS97uYNz0dp
CCxrBMTfwkuT/fsNYraJYufoQWcL3/Hubg2+cWakEh8278zabYvmpnnxlpf2/oaw2YD5rr3zXTuj
kOqM2hzD9+z/56sQQD+y0kBI4FDld0xQ6rdBHLLSLmC0uVTGHpr0Mgk3TXLkGxuCEgHZVnBAbzcy
uBxyJA7vgam1wcF8QGbZhgyu13xxPLYC8ROnLzTQnL3XIXBzCRqfevsNTjrQFdmRvkjDJ8C/Jtw9
Kb5hxUf+WT1sdwrv+raTflBLEewprNofa/OX2mQCnKy7hoZ6x+GQ1k4jIapxwaBIp8CXB9oUUkjB
vZO2Ezwos4hXShlbXTgqwlVwwWvoiCXPjBt/Kg3uwaP63uOTDm4E3sycXcxDqCS7VcfZhNnylb44
55n95jU4MBeZHC6FmfFgBgBOXYdbtxa6Oc7BWz7k7baZGBK1RHnRy2QM0rKT/N53yd17kGrZjbHg
3YddI3jOtKCnrYlgP/8n7W3VabOKQ+TjQ6UHjltZsoeEkCLcECQX3k6IXjEG8DsqsixYcKoIFA3I
Ix1v8wklX+O796hcZsGbLpJCt7K5INe/jOVm/j14Bxcbm2ZwgMfu7DdANflVEKtUyjTEMXnJ7xXO
Nx07bwsGEAKOKV3Hlb8IfrxxH2Svz2EEx7hNAF2g62ZIC5MgpCUDUPzsG5wjSncmWFYKaeTdcwMu
qWVhyV/SnYX9u/xhxWgmws7YFvs3Abxp1R2/jUo/RQOwFPUH7Iq48YFCbBrXFzzG69S/e2A1jqbt
IULwxCLvg6qZLjufXhADuft1Vd2df3g6W2Sa+LaQ5HhvpCTZDztQqOIlKnxHBIhnsuVbSew3L0Wa
DuRdNWIyeT1DTAOxI7SgSXNDlPu6K4BTgYVxAqIIyfkx/jHQtu/4W892i2/UuTzqmoNt8jvidjmU
2Ye4n1mSUKsXb3aLwz9k+/RjyaaLIRZHWZV3nQuDRq0SlxvkgRgf0pAMzQ1WnFC8GxDVjpa3U1zB
iAB8iTjuLgKM/Mbm/5+KXR0L1j9bCME3Jk8HENzZ69hw2NEvwZN5iW4Om9TpnLzOTZtuZYJQ+yoj
T6aGaDjVTIhanBweOzHXiLvQc1Rrk10FExA2MIhqskzdxXibD2rSCAOsyf02Tzx9CBuy42m0c5it
hgfDZaKv1/lNOYHk/Sp4Le3i0dhosEc7SG8WMD2PUQmzk0HrpbjeF7BG45dlBa7u8mWDeTyC4R/0
QRjXDMX3MIISGyd9E6rKvZe4d6BHLFIugUbTa09+CLq+4IBjT9Eo/ex9/G37ypP4AT4/F/9I/FUi
v2JqDhEXit7QefmLH6cxD6UImb71vQBrlaAgZZvxa450pux3qW05xr4gHNxZf7lwPLejb4Zuhh/Y
kwWKH4cD25UqRJ1ydpOec+WLiujPUmuCwnjU0Q3d1Uh+dKFMD54DnhYo0C1faGvNRa8zvU/5MZ5P
SniQhbmxI5R/Q9iuEdj7/oB5neZlo+GS0t4lAQWsX7Yxd4es2T7E579egdRA7g5Dpjsjy80WJoHE
1J8xK94syWqTCTAJHnxqwb0o1LokYO6AjjFMy6bZ/p35sT/D5O9SDcGvC2+0afOHCvHsys1BhPqA
w41Fj9reaANr412MdvVOeNFf6YZ/EYQbG+Px8rxeA9Z6pF2nJmo+wbNuh8c+Ht8JD5NrG4i9Yiuj
6vwnbtRzokXMjh5gSawp/1kzEPmbf4CCcR4cTQdhU519vk5gRyLRl9ccrOeEhOaVFgfW6z1GA1lt
DeOiX+RGre6IzK+pNLw4AScZeInj/pz3sxllck521qX/qaw7kcUgL09gejOzlbxcOMvRK7n+2omu
lvJgjvbujRN3lr57ovyyNs5yJO06X0tAGqczzGICc5hOdIRhG1/elzf9n1swfB8amH9zwem6IeGE
R4Sazzhnv7eFGtqLmAuOGJjHalxGXMDA2UqFTv4oiDHHUmYeCa0Ql1a3Dnp3UGmHTd1dtYqBQWcV
ceCQjHCVTQpQVpqqn3sl7msxHqwSbj2WuXx2TIPc8CWnw2WPLZx3CIYtmJ0xN2ysbkPZqcA41OUj
D6KP+mDIThV1J9aX8iUbsPd+XsAV7/04SJ5yZ8FHIur+U/Mya5XfSlIfYgX8trbuKS+WYwm8tvl3
/7FovgRQJLD+eIevz3FrIWL7QUD2uHoApRsYF50ty7rW79HVMYHx94Av4xHkeEPlP4f7Fkp7DILL
mWSHvgTeXVk/PLl5P970w8nvitIuU296YDngi8w9a8/aVKHJTm3YQEGIX5sWKsS+lWjYe+WUCZ5Y
J+yDbTiRH8uXOK+dez8qUIh7SJYbgjoX4hYfCbAvZ3kqIuAAoStwbWVQKU7TAsrd80BjDLSVocab
M4td186zPs+x0dWz1p3IxMUOCxeslHwQ8KZBLPLFlTjEhlqUjGq5K5k+MXwsB8DdIXYMQ6LZzNWR
EEQ0RmqA6SmaLw4PBlbyAy4G6RmeizA/AMvV5lyLu3yrVatWa84Jwx80mU6j1TJKQ4Ik18kljdQH
YSYRira2tc2czAyqlWAlEBfcr6oJyEddXOTzImLOF89YUwuhnjE+RfvTFHFJiP8V+LNjqVhWwDzj
xO6at1vVzqfwwO5+Ld+88E5WIQj5hg6orNQ5Ddw0vRXn80huKrGhDrXPRSdM3/kVDTVQ35xIZ5bj
FwEzE7AZlrWOLoJNhbnpHH72zIRx/KxN0quWogWKvOcc15+29AgKUMA7buF7tQnEY9xBk5eiPhO5
f8dsMZ+N8Wg9p49BS3VEBYuhoWNM9lPyoCNj62WLXzeX9lAiXFgLHPKZzFuki4pHzTjzVs1Y5+zw
TkHhFjrRKxHUwbKw0t49kEFYAeZ3Y4Eg3LVhu1ah+J/dsF3w4G6aw29yjTyNmzZ9QIKSGvmDP70e
ZZ3TDDDTBdRAGaF1mfP6PModn773j0P32HCyQ7OnN+iATyjD/BplTQ0k5GH8V5fR5RwqDSPCR8KE
n0GkTC2p5+cDaEd3Q46Iasu6StWuJJoumJy5SwtYUFK0l08nSt55S7tkkUCtmy2tGRI0O/vKulWl
f6lDupqHnmxAOwoSlYPaOnDvbZlycO2SWs1BsUcpF9Hw029dt23UEds9vCiCOhqRqnvfUtg+0ByX
16D6mZRmacftzjoDPC4JVz5zrqVn8rVEuSTKYTJaVqjgAaUVqz8WACFCIi2jJjFPGkyxMi21zuNa
Q94ISKmHJVgpVjIPkzCRNlCvmFM4wBVer3YFThELTlcEYWSYaWK6WQPxA8Q9DSXPGyMLxr3xkzFR
gh+28eKBg74PAEk5GshwOCyGbVv23kT1Ht0HuO2ceVLzvBBL4RcFTXelrMF/ch+Nyd2p4Ggbpd69
FIA8IG+3MASvktuFW9bmVviB3U/wA0KGApYWi/Z5ST/jnEKLOplPnhb+Z41Tj5GCUbzACVRa5y02
2b+nKl25STlP2SHxotU2jJ6Z8z0sLGG+LDm25fFSjNOFMCUVFwg6LazNdxHzrfQYNRiw16rCMNjU
jX2txOWajna5vuwQBu2h+N5jkbB7h/Y7ncI1SHMjwYoxoz+txOVELgMg7VeNmfsUGWYS+nsrjTfY
89HrEsBi2Z8luDrPGYLSR+eok3n/iRik7X+xpAri04J94orBTnRWLn5nbBm1JxhOu3Aj+gKjdtzQ
4XOBLugz6Rx6WeHVEbC9a3msLfDCZzU1Gr2dDFANNQvKFwzab9HeWQukDpyUPmvlTon0oJ+vkQB3
EPoE601YNMFDj3613C1+AtyZXbDdbarJeX/D9SjWKojWSOZA22Ul2Ol41JBma0hXP2rpG3tITdFS
TwRUM4HWQlg9OXdskiY773gYxh5fEnzKYGIAtmDqWrt/0y0cTxEdF3m47uubt9ppDf5dY+DM7rGN
H26Pje2wH92N0PSd+1PugrQC96+13fPIkkQ2i8sDGfNpvwMgddNjcgAeBXNF2T5yfe/x8Hl6FzRI
bF7/KutCiUrRGPZDnj19i1SO+SdX6SbSvNEr/DU9xh2MiUa1BoApgS9CN800eEnwVx4kF9+m38xt
RUMLs91uv9t7oyZc0IxGhNrRB8QEt90xDjaJ+C5DL0H0fE17fsYA471/s+x6vwj4+njfEeuM/c8E
gAE2iYnNMhuYwHgMAEBLdPsNOLvvU9oxEb54RDw8xG5VTzSZgA/I8T1Ye4Uw2klPIjrHpWrNDdSk
BL2j5/sBW5asFuG8YJ+YhuPT79Rj3hB8oQv0Vsx02vwyHCDXtYWczB8IE/qNA4oJn4Lmn0nFQp1D
aWE3kzPoj3Mmhpb0P1ylcCnumgYpyCq0/U6BSCrnKz0FJgAflGqDf1+JdPh708rOyiGD2gUvS0AI
jJCrK6+cPKUEVygLtiK1LUt3gvirGYxtGLuTFcm46M9rAEF5EVHACJzJjFiEe0ylaSHjIM7RUwlF
ERR+Ia+lxgM9hrALIcZj0uBNUsTyrka+9+EsRZK/F2vW+UTyAV2htoR8yBcUJClsflR4bpx6nJOQ
f6Ci61BA+DdSGPjdtaRnHKTnIRbwyc7yS+zZoBkjubkGPI5366DyyNnL3W13ydikfPvaGBwqPWDp
IfXDSnm8mIaKYcqKMgu2j7Jvi0B1iK8m0xnQVIWEDYc2LAy7feKwKWD/R44vensq45W9F2G8CZ5x
HIbHRTEkzaFJRzznwJJXRbuaGBcWF3xmVQCNUCGAR+2OQG1CWRm1FGAPsYkp/UK6jsSYNtf7nuKy
FibCa2W2yXtRAqj6yBjmAlaz235es2UjXXleoQEiprLDMXzlzj1/aFSxpiwxmIpcjA/Ke8JcgO+K
+KcNpWe/KaFr8XWew1WkW/xTcDhM8Ql/R59wJj2kVc/TJqA0qNlz8royw5IW3mQwH2hJRZlPMxRL
zwV0fLywEAZ9nzHeHeW32ZilW58uLhiuk0g8tVsZUULi+nkSIgdXxZU66LU0YEYzplJ+0ZJiHwux
0ZgXCuuhCS9UCBHGj+9MzZsyYqpoHgFmq3IYDcChB2EJWxtEXCFkgMAEfzbKHpN0zhPi1hhVKhMe
g5LmZEg5X7P4NveOh8aZdSD33DsedxEzVI0zKmZ/uSgEaY2ynnJBESaywDnk3Onj8k+zCwERkWnA
KtqxhK4qwq1KPSfzJE3md0iXR5wDUJ0UnORUBoiGnW0nluxnGxlI1hCPQ+E7IhIkpQAMvrxFcRnb
bDEApOddt8TmrEzZT7eWiDVxAuzAHM3uSVkpn6PalCmzeIP4w1Oo8c84nhCZN/ddY+uBT/0Y3Hzh
Cb4vrQsRkbParEp7B2+GTF9TrcifDV+M0mcMJUWan30dDY90+BYbfJwmyNMcXpGlQFRJTjf5x9sg
9Br8L+Qssd4QkWXvCnIkyB6r2ysalQeCGGmxc9N3jew4kkYhjluZHJnS7ZSZQN/d+fLQvTIQbYwi
wpvAWvWKS4h/rb2iptaL6T6raKccjGBksv6X+dLaYQXml2fwbqnbdMQjUWiJav6hxrx7a/voiZm+
nRnftkxOC5tlkZMdqZVaSCeMPXDoNZDAGcte8gfRQfIRvUoWUcI6cpYboW8dY4lx90xm91TlMGx4
iZG7YhEB3w5k1xSw7o37o8kkS956BMXuyVxz6OdCS8IZzaAiqA+kAxoyjzuQzibo89XvdKLmrg0V
VKLeXtqF3cWDaEkKSnohgGezAkzRsamJcv1DK0Ex9LEkohiKd9vnrpUBvf34AeWJg+V1/VJKo7vH
5T0nGBWOqKTKZXU6OBY1MLMSi8vSuM8bTEhCgRlOYZCPz9PK9sVMKamdvaYQr1RQ3kAOXPs7jwOl
UKC8uoltAFCM3lMK+3lu4xpzYaDqtLIQXJGEEkEtM84m76/l8XXI9seSnwSrKPpzmLQA1dGJ0m0L
eFnREF4RrCBpb0gH3vBXrgWWDhgSZWZASAU1Jlmg4VtBS2Aut9EMgaTM5U4fZqR13CcS3UrNiGX3
oaFVIJo6Uv2gIMvD3fW0/pzGdyWRrSb0cTAACvXCasK07r8kZwg3mDuxPpGEK7Ep2+fSI+C0grOo
Cfbcyg3m/TSCcJf/M28tOHZhwUz2wcyqIGdWM8wiDMhwkzpoDJlclV4x87bmn21RQgi6s989Mv3T
+uqRSZHVDvZhSEM4dUe2t03m6VqTx2Ep/PUfwD0VjjuaYScQ3nXA9HOFTuBVezHb4RdF81Ld7BAa
pHOmySDEZoxPpnrP+dbue67fQLG+Aax6H0JP42qMca+ITGespr1PZnt2oLyWWOqGcHc+LoIpt0P3
iwPubYXGpeFb30djx926zKfKDaA2b1GKR/oWwRu9IOuGFi8wv7dC5fyIq8HIbroZb9iv6Ww6aycf
lU+ZBVpVkdc78hg0RToh8IARl2M60cTvHzmD3yPIzWesw7CjFzwAgRUREpoHn0qIuO+90JcLBvxt
1MuBTMQ9xi1Id3B+VyB+ylkqffMl1mffZRjZpkYnCjpQ0GVFeSSi5Van4XvVLWe76GllQsJVXFAE
1ax2ykZ0Efo+7DV9iCemLqbU7N6l/Jkmk2zM7QJY1MLRKToYdu0VjQRUjKhdyFJKb/e3korJrMpq
TLexPlURYsBLgQAjm9nz5SpINCcu3GTm0l5mqGT/RqbM+eJS5LUT3N5amdVDOwltZODCQoaugpXl
v5pgEjIRPC+moIkSTAW4K+JW1DSjyAjCAdGwTXWmkxpMOz0GCeco2/DlF/W77SwI0609R0OthaLO
wYV0jQirIA/sic/1ZRtAa2UvPnmBZHmxRM5AvmJEGI6DJ6ma0/nemFzi9QziLWe1PTRg2uVTGEhF
DwhZvzl9PNcr9TtsM6gl33Nu+EXNy5l0/dGrc79mRkdL0QV+oB/Ns4RJa9kkaZ7fHsv/qLp/Ntzb
m87MzkcQQsxAl00GvR3KD93DQOLPYp3GLpq26x622JlRdSYMeS296vXP05NqeG7IuFQImpeFgIEV
ZD+yjGK7B50PRAXA9C6+fIazZ70zHlPTrI1k8+j0F/6cTtgG/oxvOp/+XEBeLiMjZ0LX0Cz6Rn7E
thnC4fBAvMaV1K510ySjRQxGPUx5Xsmllx+e+5V5pTebKVoXeTuHHysJm/C8mzc3J+Xz6DgbBMPG
eIn3EWRej0zsVD14rGv0b/QIVjugF8HYFNKgblewlzRQgncrZuIUq1BIpWEfNpTgT4NwAZTmK6Qu
45uRndhIs6uVt2Fn+e4W9M+F+dxXOawrTUpLloguWB89xeMDHH5OWN7DCT8AtbYcs3FEqizrvXbn
ICxMUqPGoAg6aF0aORY7hsSShfn3LYNqRkJcqdMwDlJWtRLpyJ3w/qHMhr5pEfPbSpbS7TJK5uEU
h5QTrw6Q0U4JrnSV8ZAUQn0HUclKiDf+42XOrJWZBnO3A/HF3+R8uyOUAxnDw5ebQbSWwBH75J8H
+eO/htQtBx9DNfekUhl/iheZiG90V3Q5VWQe1KiyQ6xMLcMjU8e+9xCNAn4x2UFhvoIl0ufa6gKk
GFLwpqQNBIJGtQj8FEiDGwSrLGVb1wN2yf+7qLOr2G1Jx+2M3dZke+WmjmEGPdWwO+VyN2xTyLqc
p0MV8omm7ENRJPXpZfYOivsMXB2pwEMMI990+S/eft73wF3AL2bfhJ7cxj5xnBDOUeO9oYmy0IHH
alyClv+Z6RAzNC/lV+LH0w510Fy85Ag90LKwV+9N35yFTiARAW7YCjCEr/0Os5MJpRhf6YFILR6J
xiRHcu05Kaf/qREbflik2rHGgj/HCUEkyXyidDPkEQnrWwvr7K6lQudJV5CtYbZzRQnZI1uWnIyW
KwW5cyuiO6BE+MQVxFK78EWVmoHUppenjxGHrLkypabDhoYhFwhDnia4OlUGN9PaTROoT3vihXdL
2mJ0ynbOHggKjjalHq9LaziO4+m787gqergal4AM1mSUTdyU1AuLCsJohRUmSIZygdDWZIILE/QB
+z+lzJjQLoaXXmP2TlCWMjNzzFe3rGntSmrqp15N8XhFvDijhploOZFvhDctpabeRQXDtGMBkOGQ
XCpfKy1DPuR7ZUS2R4RPb/r4lhiFyUVWjlPABizUKiDYQ+aASm7OSe06xVZA6NLBj03PQwpUTcIF
8SxHNqJhghpzl7FBfcLhPWqfqRQi/xsMQxOy3h4DfEguGAiSXPGP9GiaEhJulv0F7bHeOXTKg6YQ
ZWRIUKPP4ZSpyDNRiI+qRahNqiZ8sTsqbOA+7+J9KvDwMNYETghPa7F+yGxh5nsuwqcFdWiX0WA9
HxyCWcg2JQQrSH2U+jDARN0p7DUmofYoWN4pb9KODcBetFM4dy0klCClmVGFPeqi3ZooKAjCzOiq
gMB1rNi0GFOT0vKaJoHfK+GhADqNos0qqnAgM4jWKKgifw1c25jFUZVxD2bUbiONwBrs33UEvY3f
R9Sdve2e4Il5KRBdu/mrSpkXLFpAc9Nhu5I9etEQwMcvvlak07p4j3AOwWCd+VQoaLHG2RIejESf
WUTOPyFxEqEljdnQWE8ab7LZGowbn3+dTaY7M3eQiE9Lszsfl0aSQJSxACPQz+CgNoBrpwqV5vk1
CYknIP7L3JaJOEAfntz+lB38BGPxKBYNdxkWRT2brdJIOD8/6kV/WVCCUmThLqAwhTalDZWUnUoG
rq/KPdapjhzUQOXNNnnA8i77sQs7HR2F2IwwHZigu9E9buCo2SAMTeKN0j+w8UqTVX7HWX4ChPtK
EOR+0wq3l+FizLO3nlqJscLc/Cnfl3ncnoJCA6/XfpUgERN9PLMyfNsnsPraecBjOh4Lg9S/BASh
zL+2DDXxG18pUYIB4WGgPd1cpy/LOOucS/QNUBdK8eh47PdWGsqyil0uMy2TS7lGQq1lEzeQsWzG
ysR1Jwl7B1A4bIe3m53g/8ZTTpZX08fVo24fEZ9bVDkazLeAruZem7vEyCOca4CcKUwC5rkUetna
aTkgt7tGplpReat27flfXNAw1P0/XyUsijeFqLzWgOcbsMaQEJrjDg9wGQzNbOaeZwfeRhKyvLQM
YdFhTqEIx/KzVCA0wIHLGYRs+kkcTBetOtNEQkItTXXHKh6vFu3oUEuiI8ZCRTnx6cCUtsco+DvU
C6QOfdibxQybJ/Iu9dYutKbtTfn1HFyv2/VS5NVfTRNUw70Mk3GGCp7i0J4McwEadxBx5F++WEQd
X6b7PuO4WhYvm2Hh7Oo+rr56HTYe0NKa6KxKhjrmyjT+PbmnB+q0gnAc4xMbdgit4DHl1nBXiO/K
5ELKDxTri0C6IpqC5ITzwwp6KVpxapnbn1/r1XXGaZ5Js/oCp0nDAC91dazarKs6H0mAOdgEudRL
z0VbRjSn8RefdlK8uX9eFzfKcIIw3wH6PhonLV+icbKvOmRlQo9nsf+JOSPfIqOoSk9F/+YVL/SS
NKxgeAHTkW+Qs6bXm/1FldXLJvsdcNndco/t8pTPmhr5GKi55BqtpbaD7QygIzq6Pu36V7iuV2NV
gBvBJ5Mb7TZ2E0f5vqufJueEP1GWaoxDAI9kWX2JAT1GJh3UFO0MuTHx3jRmpuqpkO4fb6qtVJuR
/KlVQBaZWVZtHlN1isduAYgBnjQzSbjObAxXvtWzvbvbN+/mlmB8W4BfH0StYsZETlNBHBXiiZ+A
nNFMwSl2NE4NLPiwBa1pmz8KTT5jC2CQ/IA2eCBDfELj//3uVrUHa3wxzo3V1IOiVbsEs82KacuD
i3p0aMa7vSVlY+/XECr6RMRtPGtuNdt5lkrXZHkwlTQaXm3WBF6omONDHto8gHF2+AhrQK5wjvg5
WiniAmqvZVetJlJzKtaqgles73CmVdfNMS3gGrxIb3AoHXpqzjhIfZbOEhTpQBZx8Zv6i4s5RGF/
r9KtOBYtw407Zuf3e/1R2bHYJJZ18vKYGTg+l/pETAVoGOTtkb/Ww1D59iE3u47wLQkVT78bkDM0
Dl9EqdP7hxVPEeby6iCtxKS7CNotiYZ/Jq0kR6TX+HILoHrdksi/YNmAEi7idxl4cbgQIeZo9B95
6VOwd4ZDUS2kMu6jn9M7I/aeQwUa7w4ExK1SElVHNy5R2lKEOBaR/cl+N64xph18UcUkVqoeXCc+
Nv2ccPD8iXSA1oRyk/PHF4O5uyC76LahXkKFRkpl0KU2+/d1dglAGIi61nkQphBD61FK4GdQFAEH
fVDc1okGvGnlhiIoJunTB+KZFZSycSMLdkoimTTmER1QGi5VhrG46P/P0kJ2tp1O3Gyz6zv2sW/R
ddvFCt9blOZFHCrNT1tdtMiWFIjBIiCIBhHJ7DEjjy5c8fSIwKe5lCNkvNIWui+uUxHGItepRN2U
2wDsdoULYmb7yxFrF0sq0UaXD+wJxX66hvCIZaCmizOLZItdjPGENRo/t888O+ldIFktfvlddq91
0h6PaF/SbLhUOUjztmOAIrOflQhRJvKJRjC7WXBtWSyge50mIb6CSmwKta7oeekH0szkvVdV9+dO
kNIK/2F/lUxKvZ8gP+soCi+LK0w+HgJMQWZ/Ur/mUonM4dwfbLIFAMdOQtIS27lFbOpjYGyrnu/i
a0gzZjp8t7ZBVxmivYC2GPkEC/zNsgC6o4RBFQttg+tU8/yXJx4NcV6BdEZGhEJwCkEvlXmA3kOj
/KmLH/iXjxU+Zi6YajmBlpOg4xda/Yv/Q+iO8NtfgzMO4tQeNmcauxlFLmvBPmctXpE+5QPGTtp9
0oyGkMvkXjwiWBup9yqUGoLyLJooQAVeGJk8XnPW72U8pDjl9kj3t5BseCdRDVFwb0zLTpRzHkbD
MotFyX+YSXMPK8j/DbUgx2mvR4Terjj3/po6HSGYsdpfxVJJoq6uSYvUX+VES6NCBOFWHNQAwhAd
f57lFV5IfzTZHahBl5DXNLXqSzO+S2LNR+4Ji304GPI+NCtPl6RdDgXDUKte1uzaSjDOCCeCO31A
Os7Icc1xgA/d/8Fl7qskHyzNMM3SgScQcl0QKsuZbR2pzsA/GeYh6+g4A5BlymdO862aoPC49Rcs
VJhyKKaMGDMPbjpshYC85lyAP7dyfqwRbC3ND1EZcuxfc4zgGRpJr+u+WbFQ0mUVxS3NgkzEjp3U
tVge53Q41k6auF/eKEbhIkebenum8/4fNEgHG8JrEtHkynoX7x5GXsShZ0end1spZpNWyXAURudS
VY/W4jZ2U2iidyrYR6x458FUfC32vsf5j8s6lcU/myOP5xbnQ2GJhM9bwCbnLUa/Y9qKmD62bpkm
9LndVZMS05ZY9jbZ8LeVQx0IwMmVBByvulJoCT1//40wSt000DfsFua4Cca9wPAlvcClJx844NIK
B9VGegBJj693jZEFzfVbzUZne8oaja9jqvpbIiMKr5PEwlFP3uHhWwJ/lpc2U8ed1hCr1fuT1vuj
3004XOBJ+f8O04MOer1AXm3MTYmlooiPTYWwTEPb0ImnWgOyi4RbCTK3wjhICrAdbdoBKpSuHPFa
vADyCO3KeqUe6ZzDU+oXU2hlMDhOodbObuG0MdQxF6B6m8+0kZL3M870LzeDqXv6KtM5VrSmEl5T
g8XlQwxrag5AHBM3Jf0JhE7Sh1JAfVWrl6Il7JcsOOo//jphOuxL5h1lZjfeLDHW+cCDU9cDJGQ8
aOfr6baa/vW1/QOTHliDwb++HJMeo7rOnSUP8uz4W/XGM+dfYqJ2uGH2drfhbYVS1x4H75WvIku3
gufAtPNUGRdmo5D/tmdhgGCpiLZ5AOBplCiJeNjBHGMkz0w7OVVh/Bbxff2RykCQzeSpeIJgIOHC
neEkeJ6PfYe58s2iaLe0lUm8pw+bHqUqUdDOBllVgAnTBnRBnkqPYFl59LiNRpFeJ4zNleCr2dmp
geifqDnPp/QuGloX5GtHWKaJ6ZX28EBlBc/5mpewHi3phir6g6te1jBYzcO0kYnzfuVJuYVM7LeR
MbByn7rMvtd5rOl6PmWge+qi+k9yo18nIDJ7hvVKwGwk539pzS03/t54Fe/yaFTq4S3TGP7FpoYB
ZULYpE0v1f02Za7nkTx24R89DHbxfL+dDGWrFxupPPL+6Sz4DifUaerZQvyGNJE+qCuvgwztf0jb
rWL8v/85XLFQLbaFGTquVpmXAy7QC/0ei++A5L6GaW03RUhKlRYI2x3bqQjtytsQwNYoCDwZoMMf
gu+8ArckO/1l0xFzRcm9kAcI0U5aTOr77uGSt3JKsACrlUM8pnyriGUtuNvXzsb+sx1QJSdKkiA+
k7KevsFGUeMftam6PYLZeQfNW/ZGXQ1RivpQYdN3bKKJo9e6miZIAHGQgcLv/qT3d9PM3EeKmodi
EmDvRJyQn2jhh1aJf0oOIDC5U3ZP3sEUeI7EsbT7W1AZcfygf4jSxwhluh4wCAQyVh5Z1Buh5bls
QWF6eY8MS5ED8pEmn5lpGRD7EJ3J6VBNUnSnblTMnGDZZRMSngue/LUBZIpHgVJ+AkjdM3SQkxVL
6oCTuD0Yo4piDZy22KubYmMUgDTohol1OYk11HW3MqdPXqXx0NPvphpcCOkpTISEOpGm7gs4Z4FM
PZR3tHemXj1IGlA/ebRPTkOyXE8wGfGuLG187IFb80Yo92B3PrErPTLohTF80muiCoPb83QH1BLS
GaC5n+tLMqkApGwMVZkpuLcsRHsa9/op4W+zkKhMVyC14GH628goSBr29g1sLCR2Bkte+mgysssr
zXgHqO5e683aEDoRd92N7WXkh3lDSaZMqx92zhSI43mp2II2dO2LVni7QjYz5AFvzZ2qBByUb9iG
gYjr8eNaMiscGdqGAGey5z3uI/u5vvOoEjJtiSs+7LJ21umMNbhOFqSjnBJenPH/as+NThF0VHbr
FllFiRJ6gGsjEJbPa9+JJ4RlHcSZDnhE0F0LwEq5P1Lsi2kNmosoOBIxYG/8VyUSPMdR6GN1Z3JT
pm7ON35VuuQhzDh3ek6ENOHSIoM3Ei+tn2z8KnLqIy2qZGcfjGoyhuF/Yl6JfZGdObu8r1BNA+9x
NRKFzgvs5+MThkAmLQ9eNMbJHV+72t/UOzzKX58xzzk+cyzHBvbZrC8R9WiZdIRSQKuer8AfIuNT
XUO9Xj5moOrqY0o2bNo9fIrTMtgauZVUkVO1ss4XbIQIyTA6xUfc6HM7HhW1kdRZnOSmCvoYRQgW
8h3HKDSUKBoLiObQj+QZPk7OB42hjwrybWMd3Nx0+Wcat/np5Be6i7IXdNUlV9xM1fpWwOSHfX66
sR/6Kb6w2CA/2VQ42ZJEn9ulf1/JR2BvdVlUtu5G7uzft1eBrJmr171Gxc3NDhJjb2gCNbyRGsFr
Bqnqaa4gekm6zA7EQkr2Bwf5o7R7uOvrfviBJMeSh029FJEF+B+539xr58jkn1TEU5PUj2Mgg8uQ
OthzA81PdZ0g3epKRkjIKti0j17LBHb7qVCo6y1gecvPHTf9dEUFPlqcCHs5zknNzT/K15xh2TkD
rgqQPd+ohYoYS8hyyEoIJ/hsL9zjl0aLosauSFBB9jMO/y1zBLDVYjNmtuJ6ornrp5WD6sb5D7o9
IF2c81wyBr8UihixW3ys6IVhtuOr6J/TG7AI/dG6IR7pwFkOjkRsFYPgMLr16apujsaqaG6GBHnc
AZyXITke8CaGfl2CrBTRUxv9GhRzQhw/C4nwiVIoq4pmsjmfGK+xnYanSTkjf+4rzeyKR/gjIdJA
YNwfuHOWjOKN7bHgigi7gVgqiefegYhN46XYI61jWOhiLla0pxC6eGNrcItXae9N47H6wURRfUGI
pZgpbfAz1oFeAme4itMgTpNHxcZ14XCEpbf4cu1/fakoxXw3XxRNbVS/kVumeg2S9pGk8s8nC9yw
aPp7F7vTccI73Zx91eb8Pg6/96Uf731mLRbJqJwVIjtRKuOFPmxEXqvVcCNfxoM2ssdLs0RVp8v2
hWgVAqAlUKgcJTjrEzZtp+29IPKFCZQzqYRctSLPrgyAbVa3LGoxvCMDNlrsw0YOrNgMgCMtg09Q
KVidcRkOJGknAP3Z0GUK7KgrVjojDcxBIPKBNKLcsm+6I6rXj9QLtde0DnRnJAASJiIaqBw1eOWx
FMJ5FLkojFTO7wywLh3Ldq/+UxPlYEDUe2rbzPy6nrvn/KwR0I7HRw1RB1nnt/qllDxK2z1O+JuN
DjkkKz4ktKFsHm3PIB4A/sqjV7omkscDUukbhFG4YdfRN/StMQZIGZa/pRksEY4C/TX26LfjvFNk
Ke260uUgp73M1w/pb//q7E/y0zxzFlK/Lrq4a/4AwPZ4ooMpGYbspP7hdaOY11Ug4hRM0HDUstqw
gGli5r4fumRe64zq394hs2wkc+cpNJXP0iCZmYqsc5oE5ZkR+wtOh7wuAi2stmhpCnzS6Lc4hsoM
FTEEkiZOQ3A7HUZucWZhKjKJnxbWVTpCp+VuKjemNeRR4O3mTXVmmlEQ4jtJ7+CVL3HcwunA0wFL
5BtRQFHEUHsbEzk8YpealrLuNmxiB6zljg8+JW8PVuDy90WZ8URym5yl+VDsScax+BGzZXbHUkx4
yZ3leBpq482Mu1R1LG9s3cs4F8hJuMelcGAGslg5FRD/jBQmPJUt2xRoiJpnpVyYXCVkUDHQe6s1
GcjlJLQRaXkgJyR7V9WY1gYOwEe4ZD76wj5Bt85FNc+ghZhPoBH935Gd8voUO+UIB5fxUlXcopPy
ByaLZ1P4ccAOow5D3yqAVTdfPoDloINyFUXOxNce2M1fPWIUeDVormGwo3wi+ly+7BbErOPWX2rW
lHiy++2CqPD25iMvYQfDgg69qyp2lntHtaLXi9nJmxjZPS5vSb56fdLNNlq7Hx9AjtLLWStotcWf
ajR1bifcKNNRADh8ACVsCT62gUDQZjbELomWTekASU/4b3ITq1nRnfFqMxGDFbBNXtsAbZtRyhNj
42HTUAhzPRvFQZf3UEx2rPxXduB/7c6I3SVS6/dxELynC5AcUZsb9LA92BhBRdmmY4Q7GLXi+cLd
NPbJcZqFb7hBzgytIajCawVcCeyINgUSK424o2qMIW3p5ywOzCars7dUb9rWtQvkoicymEe3tbO/
WEFPsRjPsDh/l2D3gEY+oFG43EalOh+SQ+gGlRLlbtBgH1qsBJVRI5nrQjiwknpHxI+SLnX6lAL9
IGddsrkH9cN7eFooXt5b9CK7dIzGrOUJsQTB+rJn1jUXtEsmY3L6bBabhtyPTLN4IEHoHlbQZdM0
I19tff3BWqd3sZJ2veGI8dqAgwiGRiZoUQZS0Y60xGX16kDU3z9LTfYOFFF4zcRSvly5s6HlZ6ma
xR/6aG2uCAcfqHP3UcPwFzWicX1boTPy3Od7Nt3A6yhjWcjErxFisgMKNHKCwECA7xONSTPONYSP
U5KOyq60N7doW1OT3ofpOLUgdKKvRK/7TwjFV/9wHKyNfKCNXfAyESWWs2fhblKEfaf42FjE1ww7
UGucpFHf8bqviydiU+29nlN6XUxR4piNW581Bc+GfqjUlQV+7pgCMyip9riq1FUsNnXcVGbvLhP0
8zx5bQyTpLNeB4yGhc6qrxFHFp7+XZ3VuWktwrpk/7rpAri34IdU+uM0n3ulD5ekGpMYtlRNq+WD
xluOjfV6UkNG8w6T3MyecdqnJlHqkbtlbQFxZacWQIWHhcNlCbOv9YT4pv6s09JOllj8g6l0p6w3
ZCk1IMSn4AY6d0nkuLxMfCIqDa8+gRMeF7kXURNXCAhyurL9V/Es2cGnzH9GT7fRk6AKq4tl121D
igP//FAMIPS5p882fxBoc/z2rCiC0jGMc3SUt5YKiLPMryvACZn/4qmaVqhX7BTDq6hiyC+sdOmB
CYmrXpQN+rIy/o3oLJ+3Ocq8ijzEGpRKM+TghJ1MlwIz3uxH+DDedrWZm9ETkIYXuvIDk8h3LDDP
XuvLSfIt+akNsCDnKft20eSyk8H3QHmdi5PgvWlo+Md9TRCiaHiSM3c+VxHKEqTr1iDxdclpufMo
Wrmh6SJfEyWl4slNIrfRSYf2elrXKj7gXu9zxrMtTGiI+ybzr5OF7uqfKwIIoWCaeWBpNUmRDaUH
QM7Wyzz68b44ugfLyHCp56xcJEyUsPz0DGD3BG1Rt2U0HHSneMZo4EhUjh8LGOsAO0UaGXlxV0ou
gn2c1HlxeoF51W7Flb3oGvllVc7kga1D84EWAb9ZwyeoJcM8qZyYbyReEEmZuk00hoIZk657FwSU
MqmVE6N+pHECQ8vyf2egG32HC9iaDYWVQrQw0MOeFWFpzWmvTtzlthGVGlF8gkQDPXeIwwggldYE
YI0PAtkrAZxMHYuuXHnBG8myVn3PFNoEDcRHTuQRm8Ysi9pE3Sing9e9Cdglw4sSEGRMZjQsp7bh
T7Ag5/k5Ixcbjgbb2XT9ilohOWCJCHhp5CMjBL/atwYaUVzAYprZf97Z6Z7mRZo18PbaR3QOrDjJ
GBojVj5qfEpOw5Pr15ZgXnPrSLlZag7exTWQOLnqZJB/FmwbREOIEJoc4CWPAaraBvMRo8lmO3JI
XtlMlE7Uv7SGBs4EBK3zafuwkXjUk3DF0SEJRnaLm4XJixiSrekG32Oazc1vLerjPiog8G+mnFbz
1/+cQMHufrwu9sH2exB4GyXMhWLQ1cbYxcSoo1xjoNRX3BC44xmcF4VJ91c/VpifJO5+NqOr33Hc
L0zwSS4tlIxvl8mJUADPth1i1CNAPoj5vFER4UkfGogdLTKJXBa1PcyY1EXRO6cxW+rSOugDNsAg
lvtdRr9bqv68EkwqAkH/ole0KvTnVpBvp636GZdzPBjHpr2LmpoHtAsJ/4j/IjFM85Y4znoCyEvW
0p8J5GLVfacKagaD539zgyy5xwm3jeHhQgU1OHIb1LZMy3+jeUc/yFSx3fqmUFFF8cLQ9ztvweol
to9ZJTzhYGwA53WJ80oQL0LpkdaCwra2gOWoDV9eLh/th0pUXG864dVW8MBTmtI4kFPwrpwEOUYB
ce6xGz0Q4QQvx2hHx7HI/uG/3UZjE8+7gtR9yTlWFhiSsMILKVNO+SZgCzV8Pv8v0SuPaRMxpKZr
cB6fq1dxCxdKoI9Ux2bLGfBkUjY5AXnpS1BTqvd4j2swnT895CY0rWRXBu8vp4p563G5Xrjmurdq
Og29apC8ktMCUzZececOUl0pcRh1Vak5lyilo1VVxAWZWCIMYmhngGqUphylDzM3iTGbIJ5qwFPb
LeuTFlKvruMGdA/D/+xyAXRwvuOtYTs3WYNlZ6h2KyIKEYwfPCCo3ih0y71VQZId4JHK+yig5uD4
6lIdm+dIJDS5p/5wfQQCbLyD6J8BTZLADWZAai+UgaL24eE0zclELCV9gl6uIrz9InTlTvveVoD1
8soYo8UyQILmKm9tplUlJ4RfvlEnxUZhgAtty5ckpodM6M6xUxFfL456+nbpYP3s3XEqXmpBhZ23
/kofUDf3+THb+bgBtg6hooDu0407BxbCYY+Jz1+FqDdu3smZoWEPJyENUM3cb+M1hpSjDer51srD
xOjXJOP4ADhsS1shHZSmJZoX+LoqS5/KT1ZcSanmRygHgaLarm/LD12MS2hOMelzLqi3YiqWwRM0
EFmvNOtlaGW8erUuuIKpvdoTdpck+vUG0fq/PvKAas/6aqI0elplhJpSot3drvcPgI+ytzNTlH7H
czMQDc7ZY/4qVq4euFTVHhq/WviCibwLMMMiVxw6irDxG/hFfxaZ3rTHsc5aS3hbwlI7/8oL7umT
JgqhMKnSBGhdZNcYwCXt5BedM6uknZ6k6CH7N9M1issyP97JxTn1Qbe69lISkT4pBwKRIkdL20Ac
fPSFCTgcM/r9zemGX2PnEXg693Um04LLyfYri14MzQZUTqnReiDCB94mbmndgXp4Yu3AYbfmJvwV
xQv13bMgxE9kcuWYFw0+sR5+0hK9ynKeqwIvDQGsTewFS4s+dp4cEZEeRVS8vyJFu2rPyn17DMQg
KuuzjcoXZrmHmzuv00WPZyDl3CkYOQPSSKoCuS3b1zI4m+WTUhuUJvS5HS26B97M3/aKBxfek/lF
BjHRP+QCFrURu9dYjQk58T4FaBLRlqoi28oennfKTEtbDz8X7JP+5spm/08Hgv1bgtrAgRfoT3nE
kmfiC5uEQYf56cgBhzXhn59Sffc+opdUtqi1ww9exIxrXojqsdd5Xw1aPLrkmM6fKBAplpBLwAHn
IRd6dVfF2IM8f0M1sPAkF1h1UIKWQWCqRNGV99SuqKvdTBlcXpH/XM3Yqpacaez1NJCjzhAqsZGW
Ts8g3lhtQqAmKZxGr0WnBveMutXHVqm5RXEsTk/6e7T++6sapN8oVcJEGG9XWQg5DuX+w0DtKNeS
oPKrYbqcfDo+0eeRf28T/cX+Dzj/JZARj2k0LUun1t9dXM6pxJbdWoir8dXQWD/whhuh/oMiUyb5
N20WJvy5eR6iukmNZdTo9N6I5izCqVdj5tGdVi8C4iytDAFkRoGpL8ELwkS0m08mDcsDOSpSgF7x
Pa6kiGKN6MmLlcXDe8/wjvlGzJXX/sQeNd+/dKqxcpYttNb0nzTW+RyOcERSkdqe+Xx1CawkTYBD
JK/VUmlpT6/wimPCH4LyoslPs51VSqnYeUGWTDQrMfIt384jfUXuVJCdCItaw1Y/909IzJm07vPR
RP+jCgw7+oeHXwGd+m3lySrvRLJu7kcUkht7ALQSDhQLzZUQdB0gpv33Nf+mMDjCzaAUpXZCma3I
BPO6YIo3jfWutRiosrx8XRkGyP10dEHbsDDRETZxoVQ7i3JtMyBMQ9Am0uQ8DiGj26mfpCr4qqLA
PzBoj0A91Em1s360GlFJ9hIE/6yWj0cwTAKQg+HEH7QGtkjgB4iYTgUYtMqb155GSIYM8uaqLZHQ
Dx6Gw5m8i/18XOrFsU/MTfnPQDUB1ohO5BikdxVcx39k8q26bHSHV0zYZXb7C9SGppGOmJQM776g
qeu4wcfBDCWFbjwuuqRMyEP06VroY+Uns/8Y+S8WriOr2uD0uKOKThtkeNLTZsEi6O63nIUt9e/Z
C+QVT1gsnDXfLGJHWwXIls82X+N3eGXnXjIDHEJktazbgp8F8OIwiObTEXmAQo6z21gNlwT5JZ7n
hCp2t3eH18TP5WlwPHWdczNGkGYuRlHJ54exhhNmRQauyaww6f9IiFnPwzBZU10jXZP597mxDktp
1wlhIpjpJiND8iuLSgxqjmMg5p+1CwS1chEhTsUHjzssDalhSgiV+UxJJrEKiTEwFYAe8yN/MXj9
E1axBFic686kF67SBIwM4f5Q9b2TQg++zX6VGm0ldVvgUJDiqbwS/N6S5ZOLx8WamUUh0QSwAuWR
B56/Ga7Z1D+twVkOb0IHPpRQK/vdconKQHQ3Fz5pRQZuZFnyI60ihZH96i1pUGxq/KEeO5Q2VQ3Y
7smRklx/qe6Dvuw0YtCHAf58kdDQ2ib0gEjfH4C29kMWA5nfbwB593+QywwQL2LZuLgzaikNGX7U
obZlM3cppCV8slc2hxIaKCoiASeyE5JwtMCqypcd2rHgayLMPfIb2K/B/dCvx7ci5YDaYONAF8Zg
0PXm/c8B9BTkkmMzeZBVZNJI+VaoKA/ckO+nOw+fxIyVc5jeJ5phXbYZwnm+fZfA04paSrsPiShs
2x9qruH/ftqaWHeQRj0lgR2nyDkhWLkNV+JRW/lguim8Z/cvjFC0zu9Fl3Pu5kjvzXwg9UdfIUQ4
m0B2Ay5erK1j9IkSONOgvrbnajdePsMrqrSw7LU6xobPtzAcL0CCeAsKMOBg+BtxBfCmFpozTDxl
N3mkK7vAiQ5KRrq8Jp2/CZuuZn4w4XicboSG+WvmD1Rvkza2K5bM4nXfN9ohk1a0vENL/cH2Wtpl
/GY7BlDnkblLY6c4fDXTJcBBx24JWnB/n6RwCguySKRKkMsWRPOGXy7pJP6yOj1IvVnjffVgR7vo
KY5nA2asOZV+jGuz2VyAHXtQLHxALA2OnMV8YYL5Wh7wN17KGoUE1zWc/B+aB0hRf+i5WdQWTNgw
FBrzJa51AP6T8/TGYrSdY690+m4aaF9IOu3GWjtqs4c58w62AcA/2fUrqywHdkHsuuER/uX6XkiL
kbwxUc0DSdSb3c9qgePiNKJX/vFCvlncSP86n0UTbkGm4ECyZLoU67f/sGBofQ5mR+jkPL9quK3P
zsCoAUjqmo57bzatdSpATJE/RzBMxibfrcy+O3+wN0xBS/47afMAQ3ondw9NlixvrwsOaDVkZvjq
lfEYSee5qWAN4NenO6t9YWNNTaVjQ9NT5p5Ool3OJbBM43up5H/bLbE4ZXCruY0vYmduZkTzMOTo
X/hVp51S5vpcjZ+/95z7PJWQyZtpF87eigvaZdMjPwfMh5D464uC9n7nKL1WP9qCdjhkGDuLWrzJ
ntBcsk1YX/qzWo8pjMNqptIOIm09JmLeo4nFgLKyDNFNzeg3/97VrCMsyUQ2H7fm71OY7Rd3IcPn
npLLLpy+2+zcZfrlAlq3XznNvEHSnMIOQ6CUfOTL6HkMw0Qq8nRUN/lqv1REUewgOzGS48epLRE7
vMdTqPLUsgKPi8hhH7t9/9K/eLDO7hdW+xW2YtaejPHT4V7q8CS7crNbwFH0mX+uIu4NFsV3GZjC
YafVsHEYTvklSL0pM2WLv4lnu2h2EIvUeJ1IOXWAZYDooBgaT0u/+EFWOdFfBzxuPVTAAMe6XCi2
4hrQ+5+0e62xe5AU3oSFUcYsQizkxW4IvoZo0UFBu0iYK3Cnuj6VuGo2KsGhaZW05fcBJ0r60USy
aKqH0uS+tQXHPB18cqNkFBimGybVlXsQPSgD7Rao8SC5B+4lr4IYARDMnIKeUngsCkGOIvPD26of
A5xpYfhZ5UAcqnhPDlWxKF18+zVIdRwhbZSFeZnubH8vXXPEbRD+1taP9pMlSoVKgs4RhCeVyNca
0XqQnD0ONmrfBxajNFdze9NnmYbTicJCaa9SX1d5D7c2m121v7L3e60H7i1ujpXAbQxC4VgXq1gH
z0R7Kn0o0F07Dop4UTC8wMM5uvMk4KE2pg6uQcIRCnrVGYiUqefUregh16P6uHYbeQi87rds6NMl
+uxtb6VuE3vsdsrLZS1gCFoR88s/DlIBtYIvWP7IumZfyWzUQZvUpOhtTL7AQ8dcLrefHs0zALXj
smPlnaX0SwOZpE0KNPBZE+9a7iR3oPR4depbPPLcY+Mn0D1DCuJCCMUN7aE87i30ezLZXoIJa4ve
bLkWZFXyY6bh2FQMVa9GeciTA7uhv5Yfy4VNu8+ZXKj1obdD3Hqxa5djwHxFDxA4aCF/selQ6G5e
0jKRcwxBjUuln1F/SRT82IHAS0Sp/K/26Llfqj0cXpK0rr7fj4nb6bSf5YfDaxEAEKnk/fQi03Bp
STBtghoQQqDj2V6EXWJMEG9eFO1KerOhbySBMQp6giBfd+QGH4nEpxkw+rnD432nh1sK1p0o4znb
CFxEJQM1CG0rMDPtBdoixRGEZDr8NR6XT6FahPHL0VV97TSI6XeTUIApHnruwc54Ad/br39p4qTK
58mLC3unpvp1+sm+erliQDp+9gtd0woVJuJc2Mv++vI4EJSmeYTxiHkNGWk7j950nDxu0wbtOIo7
7dXN5mJgbEIatbTw0hv8V57IgT4xysa0hvPCjrVlsJdMJ1puYSLj8RmCDBT9/d1T40j9vNNgE29j
IP3/huu6U5xrT17buJlIZ5wAHZl6IVfEYu49Gg3U0HTdKA/JMZxbYBHLc/2eaYiIfDihQ7MdfzcW
WFVRYMuIVrfdKz8ZYa/LYsZsTXDkEqGV3r2UiDXf45Edng3ledunDL/sUbBeim0JdJvgQhUVALVo
fS/gxG6itONJ9oUVwzNWdpDWoypTyoexO67lXurPN+hzLDfkzW4bWym5J4UipDjMOidBD8AEQd9M
EU2dUqK0iwgm3hptuhB+INdPLv3YiELo7nqdQnO9ZoguHID84vxKSnfcw/jcrXEsL2hubkmzxHsF
lOnw1vojWEu63gVQiWQGDZ1JEbEuarilKOPGh9dBkFH/GAIpT38k/QrL5iBFJtHe7Ke/eque+PSx
vasAMmoGYcglgcIHZVHo6xzoSPdk7Tx5knqsVQgi300rHdNkDzmWHxhyHQC/tTU7nYV1boBFwEHn
obeGIIl8XZmLDPI46BUwtTGSwZkdMC+7aaU+9QTUeiXpYC5IIrKOnOnGnMdgpNA+EkfEXxYUyRTw
A9ddla8aHrZ8shaYocsaiqjGU4oxJLMv5ES+bzudfOxV+XsKzcGtFJDsGckuLKGxzPqAfFxytG+x
o14mDhk7Ncbn212Cgt5zasrF++1KovlwEo20wUn6qtMRSI98ZenvTdnpit+l+9+VpE3PCz6RLTej
3gqLiFLXb537f8akp7+U9pg03jzbEHmoQ3xFbY/QlCpxXcgj9WrLfm3PNx2dqRJAA5+vIegQO8O8
ZcD8n+4IkqysH6sjReAzRmsoS+fhNPPBAgB3Ya/rTH7322BOJ+NHdfbVhyMhoF8bI9OkcCdV2Cr1
jrYWvnSC0XFVCyH4CynBcMB+4/FWfQOwv4BaXoEuIBrxZzc9xApzkbTwO0Znhc2Ua8Kj8mQ/j2tT
SPD+UlSrznaP3rxlCv/P5HfLhMLGH8m3Id0EKf/woL6WAC1Sos7R0jwavkIgfny5kO2KhQoYUbvt
8ZHmwgVR3Z46Gt+o8Lx2K3E3PeWMgTolJs61mRKcPOBSjfXgnxnZziTT5HQ3ygK0z48Hl7p6NrQT
E+e3XBDC8GkRXGjwNJt6xkz4Y1wB9BZskAmsBAMQnFG6mUTgYF6c3UYCXFSItmBgG2+3jLNO0cvh
DmBxkKBJnExpzGY52uOgO6dWKdBhONW6upqtYtOYNfUs3V/hILVFZFuUMP/YCoTYFVLOFr17THTg
VGdKT/9LO2CWADpzrSJMCNjCNuNTur66TfjnItdziQ6ZXddgSjfXG0Y70sOJZ1mhFIaDtudgxitw
YQ15Ji2KnHcGVW8pvBkK+0VRB/kdRG+YEJInTeVWKHV64I0kUBLhaqCKsSzOB1S9mnYzRUPfNKJq
w8fqpg9AF8cf397726YaKMagH1pQSysPn0QNrb8dl9EP+N5YSxs1B4CEKblVqtlnA3go2R9mqRKy
bu6vkTgoKmKdywVsDTjKHp8NbDu2qqBLBuSmu02GLXGBOKIGCucyeB/chaEBGIIosiD0NwUzYQvI
XNkufzN/SWF/UzwGgEl63StHx6ts/fAaSPy4zaydxof9rzFEY+8tdurFTAufNFUPLLBFiQvFNPS8
gcATZMSe/Yu2n/HGpnrLFhyBCIz158TTx2kc46Yj+5J0VE5CnGxQNGhQdEyHa4w8Gyf5vAKSCrgo
ybcB0cNdtOgTXdovqzgl5XWFDTiFSH5NE9S+z7KjiJQrQl/Lj0sCaFBkprjc2m17v/DYB33G60lA
X14keDhtW4ek/hGMMMJsvuA4UPIZasX5zlf+HhUcW3AYkgy6rr5BTe0Qp1NozZh28AYvwpLBDBSG
p7UBLi71bYL5rwf9qRD66hYaeeRzVO3trsiz2JLehTdZHH1pAwIKi3UjtyNmTE9/cNqGZinwCW+H
4rjaGFjjeQo1njUTzaB+TI2FhEMgCDaHIr2tbkz/DHzkxt1WB7rfQ9ouMK9/hu4tZPZQg9BvM878
JJoOwlTNp44JAyDU3tXm7Ur9FvcTet0mFZNKdmP/dfrQY8bKD8XYiImhA7mwEzNi5RXSYCIiNs+0
vVJLVirFGaCTe/m1wsXDFR5VVHu4AjZmkUit1ilp1RZTiZ3zuHjtLRfjTbPRKMIJxuNIPFtrv8qt
fb+drrtlXSwsPY1xWjfXDHVNa8docFI7gmdeHCwCWIymibl1CHhDu1fR1yb7TaYONX/uDynkJ+aq
3yNOdl/gc/iHlOLDCzu6ZE1cvT93eacEPcsSDPRcO2mcrL2tIXL2A31up8LDGGQ+pnQ39ParYLgk
kjSinkx4owpZ8ktukw0dN4GsTuL8XSxx9ib2RYZMSewazqzGwmi+nvhmbM0N+OjTdLHbtSMr3gjT
7iLIAvSnCZhoHoMDdF5CoerdrVa3p2mqU5W0+zNtY5Hp6OOyIhER00VucmOeZZx6h38eVOKcQAty
Lr/I7GvhRmhRN+jKca3r067hDPFo/YOVXRDHMa9QJkXfNUG4EYeYoxbJQVDB2908OLuz2fk26cyA
ff5J2EpF0yb3lUZa6sLEveFXOUX4Yp2nZ1OSFtusna3cpjSYHbqWawelVhywfJagQ1BTEWByPXGk
A/XcDWHdL06CQRGrMpqa4s11PF+nW3eHxta5fNxFL6lkz9Xy10letpvRKPp9T1JAcpm+V0sY3w4w
yaLP3FD/79bBIZFxh8Vu/QcmMVWWWT6v+6cmT3Qqzh9XM0ZLAKOJuekU4MlbQGNsW+BGBDrfiWEU
dvvcb5qe89UrUJ5Bhg4llBtCluEikk1vS0SY6hSMVsTTpfSctLn7MNLdbhFuDkbbrb5UKzX+cAnZ
Tba5cDNUFv44JEAAapGjSA88HNJCF6vry0TPhxX4IHTjFQhjKAH9Ob4QhjET+V5zbUiwaCikYPDo
1I8kFQcVJCYpHbjWy8wi0+FJPFEZF0d2eM6naCku/yBXzXdP0tBwB1+Gg4jPweU+3qAUJSuSrZxd
GZsr6PspfWvcSzCvHvdPGiU15UJplVAvkI9xJVTl/PyPSBSbG4rFvbyV/735q4GjWKNAF6btM426
wlL1q0RUQp9oz4EdmRQvUqh/iWYXIH2nPbNg+b+mCKrXpnTjejn1sIBLWwPZTOFci53xB+3v/Mdh
eBbO4S6E4wns4seC+SDXnr3adiWlBMNZ3mH64eL8vN3tVHE4kv4+0zwJOPK4GBi5cJkHJ7xk2Rk4
+a7EONoOzFukoyqw7EbepLrQRKAwNUx8EA6d6XsBTV3VA4RFp0uRPo/D9avwcGcMupQsCSHe3HQ3
RGmVS0INujagEhZqXXCnEiJ5bywYc6PG2b2fR8i3m6Ra0XnqvaXczDTW2i2my6UEmif96empQYmn
q4Ib34N6qKEq1Or93kepGAu2dno7RhoAbY8uuB31vR6FAt3XowM70FS/ABnc+yy3krJjcvfm9dei
q4Md1HIbajtREg8YR6Tr+EZ3THr6bkd9GUrT093LDOt5cyuBV7K2xbVeS7OnHWmNfaVG0rC7TNFW
mSe1y3lHlLfUnXOZLCbfL8WYDciT3Q5CsP/6A6XNBGC9T0cKRovZ1Zee0hF2ShqxZlcD86BGG2XO
Ro1as+1q4cHK5YPRtcSvzgdaWkriymBnwjfVWhQ1bEjL5GuBUUiLW1w2I7zNiHwaiYXueTvLKepL
7lCfaL4CDntaEamFtmLcv3NowOEBGkSaTIJqfFUPyKMNPKK/LvfUJrxJQbstY7CbuO6SLmvI114x
DGVCSo2JDasqvo6NTfoP9P2wOFqoZgyFgDI6kYk+WUSOKJW+HOn4HMHDH8QsdhTtKG4U50TeCckm
AkPjd50gdapZWeHRVgzCk4N5sQSgTqqEZzcxQd9fZWcXJTXNhO5BXnwqfmFrnkHRGk79l8RozfbM
ptAX7GqkvMmzkoeFdTdCiutK+FdeDddDuTf6h49w1ka02N3LcmM/ryR6DtvEHg/1YRYTE//xctkf
6IkidQACHaRCuZIO1s++TUDlROO+vtOdx0BVayzfZ3IJLukER7/MqPWA0BEY9bT1A0WzelnH71j7
P7fvGcmN+GJe2wuj2+nVxGNP5iHo0DrVpeaufyqpq5rmG/X/w3yIcfVuJcq3IQ1qv8q0Z5vhNuCn
VRsqHRNiwwMboErhmwdr/LuUkh1JS/7nbtfZUkZm6hwM+UuGyaWiSo4nqFueV7Eogs6yMhLK7BQQ
KEqHjun28/5IamIvLQo0qh+Rd3IijAAkRpjHZQCXIzTV5FsqrvGcQ3snI1J6rAjqPO7sbZ5opnM2
3mBeSh8J7+tjLNy8Ry345C+evCeScwAX7s5oKPYI/ahQrwirRRkJCunEgSesQNQWGaDinUizy682
J6vlpWnGl1672LblFl65u2GpWc38t+Z1rq75cCIarqg2TJlYe2vM9sClhblh+ilghnRA3Vvskz9z
SIl9POaa8xw6Ss0FquLrI68HbtNyKDPX3T9Lm2sKyeY9QnCp/pgea+zAhgeRp+fpk3hGYMfojZ55
6rvtoElzNgD+2MG+WaBPiGJRW0fu8/FH+hpxdRQNrFURgtttV3kdFf7YXhWqbvMvh8tVao6x0/kd
MLtjMAl3immUpRxN3pSWxFhCZ4l2cVHI19NMrXcyFn+q13vl2DSkPDcGmsip6wTHinzpk7Qwil6R
yobTSzGqjNDNzqNknp+xFAG88kpoOyNv6lcoCTOsEdmnhen24fuNBhQGDIXRrTSP1iUfGp/siXcA
1LK4xZ94pRzh2bjaWr3EiAeG0NhJmGHiRpmxIJdc+KSiNZNZq+1NJ6FzDe4kqHxaBmOzPioDlYzu
r3GVbm1ji/QRtgOHejY5mffzRYolyK6y+/U9EQBYaHTtK6qWqCQptfNfl3XFOI5oXVxgPTTyWaqH
hEtInFP5HWKQqdxHq9JLq40TRCERsGjIa8OSmrk822AIV8gr2IoSIS8k6eAJkQIMaSN9Ka79bvlq
EizBcMvXBSM8wNvJJaWRML442Mq1XjO8fsPqbrLrcl7P8of2Z39kQow0dxmX1kOIZ1/d1Ml7DuM4
FuTmCoDC0YOV0c/r/LT/twBACYyd5fyHVhZ5NDwJER15nfrHBXr1bCmPvFFUFLxdqVqtWSGGWwcE
Crn50f3QhOHtU1jngfPRhg7uDNfTOjTxMzmV0pWnT+RwuF4yrHY0zeMdVD5R56vIZF5tQM6bR81k
AtKhFR5HD72rWRBW+hmpTaItv2q7BUoBUi2Vw4iSedvev2JNir7ZQUxh/0JxjYQUjEs38AuGbM0v
qYKDlRR9p+NXu81VQ8wKbDyWU5kXWvHqMbGiUmOPoVE5TPL4qtOBr8XqIfz6EjkA0G7fLiB5dq59
8AF8P1K017EjDkPdSTkXSD0wPQj/qrgHeBIYAOtExonEWxfufZ87n9SrIPp7hrhpSTSmu8b631go
EC7cst2U+bVmyNNsHdUBOOVR2xULMlI7EoQsYfpELSvZXVl+vyWOfQl5WMNZ3dJRrgwSzwkV2sW8
gilI0l1c8vs+tRA7TkKk5JjNH4EH02KJBQXQ+CsRJtsTNCT0eDUzEVwz5qExriBnXayhnMO7vauF
BC7If4RAyNB3x5Mqsen7KxnFdrDPAPYmeV3ZUm/DtO4go6H/QQXVozVZU1cmZgGmjPUVuneJ/EsM
rQVlbnco2ck/6sLxqqcLRk1p4CEFFtZt/eelLesZsQouX0S5uhujKgmyUVeobRQGP9tGhzs9UmVh
0FU8PJ0AUEIK4k+APlrOAVZerF9RnHWa1kWV4LKf8TqJNDek4Jlq099OndBVmkwZjM5bAhn4MhiK
AcMwgXQlJy8NL9t5dOQtBOW9bWH/TE5FdJUMbR45pl0D36A2pl1vS0ozlQ0cRDfn3tysY/iu3NEY
FI5KmSm05Mo0FpD9BPjNj8mEE36xTU9LAqofTUA1f9Hk48GmTZproHnH7BmTBK+iXfEGe4w/u39I
MWvWLWmyerE9HsXRhUwHtb4d/x3X7yhijzRpx1ZLHU6OXM3fqCkHMFk4Bv9tE1LKWa5zd31h6OhU
Csu7qBiBfo8AX9eP5ZGquEIiIDKKqod7SvFgIA6xO1ikp9mVcJhaNKt4GCTWDuu5Dmo8hycGidYZ
8DNObTbQlEOHv5z+7lnqGo8PXeBlTOOfEROTq1ZwPi+FjSW3YWQzbNHZWqUot2CBaStD4ciFrcZ+
6Zc1cpDGaDuFlGFzVWf4p1OB1zwKBB0Sw3rUNBnkNxlXFC/kwWJ/Tnzx0PDSMWIlV9GJktGOY00k
y+e77VTLQU2/55qPFZb8pyvHRHVxVdQTB3TwkRXE+vSBF6FP70qMgmU9UAjGEjkQPbGxb+tj321f
juNEYCt4Nhk4BjJtP+CMX83RZEDmjpEQeTbut79eA2LAP65UnEBNEhboyyWzAlpVjZzqfcjNxHj6
vmURCNAyVX7sFeK3NhCXY1HAppDniUw6BKVoaUccHJBZdTRpCuUqRHgH09Fw4BDAj3CPnBDBRXS9
dRmjDOLctmkrpwn81QxYK7TdjWbG2RM6Ka6LDaajy9FhTfTZG/5tAEiPlSgeXULjT3wnsXw8AWm/
+x3N0fRwdgrXafWldtQK/goLKhscgGcWhDA1yXw1tyvdXNl1XpK/DKKD7XgRlcK6Z8stesa4GLYk
q4tu/cJyAc60GBNlYjPcdPBnV5OKnddXCAo6inIsOgfTYvpOzyH7NP5W0smC/kXusDJoiPU516Ul
7SiSQtJDkFchnUicsBt5J0f8tD9TMA/aAFlyjAJMQ69pcPxsLPpVJ6sGjo6ct3wDirmv58j9FBfO
iKe0VOHp3n3kXN18IFXHZaF0my5zPY+8raw2YL6HYDFh50sQIyoLpmCXKhIcc4IrXG4dIKiIxwhk
HD0nNz8ZjqBaY3KsrdhaVyrWuBnwVa3nGXlzvNoQdCRDL5yKRZ+LbwHz3HxC8f6Q2qoh8ZX13Ra7
nqyV04menbpwMSBtjhBUevA6GiUvUCxLM7kJH9fFKZ1iMKx4o/ZuI5Xg00KeGKURijp4D2F2SIzN
3+K42zDO1kiqMENWowqokxZpxTI2sz94M5V0Flqe3QBm+iNYZ615xzHCldJwOIozBw1fWKdBPSRD
RGcaHBbHj77kY6S7sUx2JrSBU2nFpxKpHbd6roVvjqHxXuFfNpmAa1rhBuX/yj60kt1tdqr25H95
nfykjY3bvov4aVMZooAuMn24CGRfJwNlhVntDa/L8mUrDABPzK3pzLQfvoLDpKsSf09CkfxeW8pq
8DS/yYmpiav6lY3z3u5J6hirn0nlKWMTNwAxDtkGVGemKZuLzQAsJv81V0TFbKNtXtug4HJhf9jd
e4ExmPXngfTasOJUQYNMIZ6ggf71HHIZ76eWZ6yz4/Na3SO5IVv6SQDJkQ6/Ya6YcyN5fpEVMR/k
aZsrwzjrHEWJPVOWY0zvyWi4fDqW71vJ+h9GAqEn0qdJhhWGRRUm4kQKX7x1QeV2clKdyHEo5hCE
oWV+V9cpHD/WHjRF2sbDn85A8xTM3GaEVWRn6piB+XRW0zS8Upo+S9bQvCJ+fZ6/cUx3cXX9U0Sw
G5Odtb+lycN8kc3uE608CGcIrd2LQcKTE8PJFs9M5Wa7rWHZEJlGpj1oNiKXlzV+aMimWSmPfYcZ
arIDsHo5jwuXaTs/r1/mBW6UyRCsjUXYWxttzigF/4pDLRhRaAZWPbnls7GamRrEtF9OHNWec1cD
UmRPhV/NqI8C7Dk5n6+RET+4I4RGWg0ZHydWa1IxCuUrClV37OM9XUvFcEH05BCfl9Bh7eZeEcLc
l4sZXuZxX5189VUXenab4IJ6VbFhdNzF/J4Y0R/u904zAQ4RE2oGzN7oXH6GLJaVnX1YPY2aiwUF
AK28NNN0iJ+Osg3vaMK1LoZjKXOxVFlkMl1bysBWXMwmAlyEBzKk4HW/6lcKL2qOfEi1+jbgYQt/
cqGjnaJe/V6uKpUwb4fOMxcpmJPKhRa7ZIAviAW77v4o2EytFVqsB5dqv6OkA1YrAWr8qIeMVOGC
e5XFFtc+h9xNG390++Om6hMsrP8KkGH2uaTRMi3lIOW6tJctk1vPsCINoHNfhgf91duj1o1AhGZ0
H46IU/zCbqsakZTZM6Hr0pCiNfJBX2MNMQ5UMCHNKU1FjgsqQZFqyo+PvS+7z486p1K6tyApRpVL
vUycvaB+iWFq9xSAP+c5Rtx0OpVGGmP35mBsvssmwCwxzqoITKww6q5CEpslk1uozobRPRiW3LPJ
TPVteQOiquopFZFh/0y+iGfHmu0ua5qBZP8m62p53zDx+eVQP/fm5xoP681xlFMkMAeh15t+U0LY
PP8pGbFp+fEb+nNViYDHXTUTZbr+rGMUASjJDHbFSkBPP1wh6mfCEAJI002P7PH6c/pVAl6qt+j7
VoIRyAJU2zDVC9/5OGHKOkJuRjo/pJd9xaLDKZsCqiEWhlflecM7pxXOS8ElcOpfDs/aw7YtNnfA
GsGIWi40rw/BbZoq4gZYzrN+5RrWAWigW6DqvFY/kqNS1KHt23Cj18NXgtYRNlfCn4+22TmmdEtr
cy/uZ3h8tk4WkK9UvciNfgtnwEIEFgPewLUvpxZcCxmQeFuoJfMoea2UpWs0Y8njDeEXW9dV5YUW
O5+rN3apVKOSbx/s0i2KNX1asGp5m1Mk36Bji3O5w+gamO39PjUOcvgj3BLA066ZEEW4hSRDvLVv
vsWOJdUzwYcwChc8BhHI65yYSLgk+3KyXAQxeg87NcztvPHro2ZJ6J+laAjCw9hMuy5H2P3Vi7Gu
AyWObXEoWevFBxp1IDFn3CelpBQeWIEeRy95dTSS48OEugUwOPfOn7WQKAEzhZSYkj6Qj5HwmHRu
RTP2KkjtFZeKuEKJ6MtBn71RYHlLv1UOYoMu5bvuLCVgV1JNib5aJuU+3PV3BqV3fxij/OrR+pG0
5nhsd5CW7xJQDyuWgo5Es+scLnDur14EOhle19LtKJevy6vozCJ0kYCiBCwDTD7oWnKg2NPvaRjj
xFgqF7iZN9TbCAcENlE3xRFg3hABYwOHcv4j0sjiuLaFp4+NEk6JL4cYm7ol/oEGq89TZpOzezlB
NTh4+aTQ8UUUcqvGya6vyP0I/1qIloNz5y1UVrRbwTj7aWvdfDAQwyQM+vIHctN2X7w19HQxTRlS
ZvCAj7jxxktsELHhHVpONEHOsLwqZoYgj/nMCC5MDcCnt/OENEZt1mNG1tHoUmTCThjgWFdmvmU1
2trf1t/WMmn5ntJtsBGlbbCy8LYMqHt/NPPIGtS+pBrzrodhVjk6Frq2vU6QzmodO1sPoTgO3whI
8wZ7I+6iFwK3wMJpFMmcn6pxq2MD/KQCgs15zaZku5FNsDPAvbWRR+OlbdA93gUZXDczxdgppWHg
QOtopgQW452e4aUFb+y7rjYECoBHLHdKw9aqSscf00ZycnIgqitJLsjZBf5+2uKt2H7Rcv/2UAmi
+dW7MS/Uf3JHsDJ9XUIau60/hK4DQDjQRof79fH/dV6MelHr+G9wYfRXG1keRsn3jfWc83rZkkxd
I0rANzApoDiuZ7DTA+/h1NThie99LEkMNDRn85jov34KRuF07WBYo4CB3nlKLTGiiQuMRV/awuhV
VXqBMZsO5l9i5BE8sym2aqPQXK4Wt4KjGzkFSxaw4wcHR8/oWOdIzmYyBLYif23y6zc/YygeX2b9
sX35GXLhWdKS3LTLpPWkBgb32JyVbZ8eEvTc/VfH2swH7Bjyq2ZlrJ7oA7KclBHsaqH18QQnl7zW
BE87kbxgeHcdge9dQTcp13UygvXZJbxqx8uuuR1xdcjEBnHhfzwnv/xNDtwvvGkpni1zrWxAEPRP
DswzWOfmyvp5RiT9mAglAa68AdURtXiMSaN00YXvD9Vcxm3lIpAotDsAi+iO9CKEDcxVJBtwYy/g
m1kNBUO8HDUYpMEULBkGOg9BSBHMyqGxIzgI5ZSkxUlu6aYLb/YmCiT/QOpetK401MmdqBQj1uNh
ax9vqashJlTT5rbq+NxAKNuGQD8MRCKwcr9L9j4XClU5NizCEKjrl74DnePTrS8bYuZPcHuIDDcs
Hb6k8W9bTha12TjFZylu96/B45n3Drvq6xXe1U3yggHkYDUpkbxUJZrsZIr9u8jQre//k/upTlfY
Evkva1k4135Nmc460hg5NRZTky87fmE2NsVv68UJs6lo0W6xUqJZzg0kspSR2VjJX7en0kTTWC35
CIkH56Z9/q+6552DndWD2yZXezOqVsJ2NxpVQJzvkNtpfhCj98S3b1oRx3T2sc5TAlmYn9n2lw5x
XMMFs8Vx+3FJvGQ+WLeaum9xhE7RvefzK0rUUHljwJlMW9kVAnwEb+mOHjAtT0tcysUbHSspaCIn
zuS7SqzBlnxuADkcUl5917JsPypTGdmb4P0r/OaxMDdZZnyYtO4JSSfjsOCTXuQwlchec2aSVaZD
/6zFg0V6QSxpiUwfglBIZKhC0MQKoc5oLhMhXx2JMCN4L77qP4g7nfxbyq4Md1F9Q2403dAwZOUR
Kq4WAc2/n30DcZ0jjrSabOVfG2bZIOt7eSTYgUIoj3mYqUUX2xecK3IhzO4ez2rHuIuJ8n0+xztx
lkdynf73Zf7wQ34ZR4pPpzr7KZXpwxze17JYP9xOIGBCl+xlw8ZcV34YUFipSEKDOlcK1ZlH1axD
AOFno69gB+oi4iV7U1aukXufIg9lqQlngMmnSs9e9ODM6NStbxeIZYappY4tcN4YpqPz5Xv0NVLj
mi7T+jVHALCdH0kjbem03VCcb+LfNxjqQ43iFbdyk4h7dGjfhbWNCEmJKMvUhO3h9eUbAry3ZuGU
ia8PrBT39ZfMaOFjA1yoYMsWylqh8lQt9k2NSr0bKGjFHvSZO+AM01gEMr77uI1qfOr519TBIaN2
mK68/xYv7W58mOagvsj691n3uatSUodwIn8k2VKmeq/eUckC9cWX+4Qx/oQmU+enqC+zm/MXGy6o
Ma4KrW9kt6+IuM5LGZ/+Ymg/N6fQT8Otfwj0ZWizLaD3+HOviq5VOKhXsUCMjE5v473GgVSHhbmk
9m75zCr1MGuKTyVYIVj+Ps1kKv4H8GSyPNNIt1sQ3IGugzjLihz3pFAssq57QrmTZbJDBxVY8BrH
MWOAREr/cJ57+8jk2jNAq/HOK3eLhwTyTxGsr+dfpB3aj45eWRraMg3sVgdb4XDycRVZHW7InkHA
sc7+kvard3pLfjvlV117xqyYhh7qMihUUQMKdXKVuBQmwnSMYat26PqQuSO/Jw6FdH3GETBSiMxZ
KhCdhUxBE8QrepK57lNBkchQNRAXmNANNjM0TLXibNp07Z5Ii7mCrF58VXuH5RbBQ6L8ih7Mn8Fc
AFIOYi43573eCMqj2nmp8HT7p4mBAg0SPpHy3qFB6d5Tk6SktKtsvJcYFLZ+Gf3A8seiKlrYOarh
Yq5gfdvawjV+//DGPV9xQIG2P5nrViGvyxa59scNJHzxiVUwCfxdd99NQRedZjZ5H8cWCum6Isfa
0BUcBeYOfacAMBuqi3nRquIeBJoxJqZXIYBPhm==